// !$*UTF8*$!
{
	archiveVersion = 1;
	classes = {
	};
	objectVersion = 54;
	objects = {

/* Begin PBXBuildFile section */
		041B6D87A6209F4BC64360B9 /* Pods_ShopTests.framework in Frameworks */ = {isa = PBXBuildFile; fileRef = 72E42249CA4927F5989AA591 /* Pods_ShopTests.framework */; };
		11484F68284E3D6300C3C7A6 /* FavoriteViewController.swift in Sources */ = {isa = PBXBuildFile; fileRef = 11484F66284E3D6200C3C7A6 /* FavoriteViewController.swift */; };
		11484F69284E3D6400C3C7A6 /* FavoriteViewController.xib in Resources */ = {isa = PBXBuildFile; fileRef = 11484F67284E3D6200C3C7A6 /* FavoriteViewController.xib */; };
		11484F70284E3E1200C3C7A6 /* ProductDetailsVc.swift in Sources */ = {isa = PBXBuildFile; fileRef = 11484F6E284E3E1200C3C7A6 /* ProductDetailsVc.swift */; };
		11484F71284E3E1200C3C7A6 /* ProductDetailsVc.xib in Resources */ = {isa = PBXBuildFile; fileRef = 11484F6F284E3E1200C3C7A6 /* ProductDetailsVc.xib */; };
		114925B1284FFC4900F0489C /* AddressesTable.swift in Sources */ = {isa = PBXBuildFile; fileRef = 114925AF284FFC4900F0489C /* AddressesTable.swift */; };
		114925B2284FFC4900F0489C /* AddressesTable.xib in Resources */ = {isa = PBXBuildFile; fileRef = 114925B0284FFC4900F0489C /* AddressesTable.xib */; };
		114925B72850028100F0489C /* Address.swift in Sources */ = {isa = PBXBuildFile; fileRef = 114925B62850028100F0489C /* Address.swift */; };
		114925BC285007F000F0489C /* Encodable.swift in Sources */ = {isa = PBXBuildFile; fileRef = 114925BB285007F000F0489C /* Encodable.swift */; };
		1166CA1F283EAD260036648C /* Porduct.swift in Sources */ = {isa = PBXBuildFile; fileRef = 1166CA1E283EAD260036648C /* Porduct.swift */; };
		1166CA24283EADB60036648C /* UITableView.swift in Sources */ = {isa = PBXBuildFile; fileRef = 1166CA23283EADB60036648C /* UITableView.swift */; };
		11CE473B284E2B6800C44471 /* CoreDataManager.swift in Sources */ = {isa = PBXBuildFile; fileRef = 11CE473A284E2B6700C44471 /* CoreDataManager.swift */; };
		11CE4744284E2B8200C44471 /* BrandsViewModel.swift in Sources */ = {isa = PBXBuildFile; fileRef = 11CE4741284E2B8200C44471 /* BrandsViewModel.swift */; };
		11CE4745284E2B8200C44471 /* FavoriteViewModel.swift in Sources */ = {isa = PBXBuildFile; fileRef = 11CE4742284E2B8200C44471 /* FavoriteViewModel.swift */; };
		11CE4746284E2B8200C44471 /* ShopingModelView.swift in Sources */ = {isa = PBXBuildFile; fileRef = 11CE4743284E2B8200C44471 /* ShopingModelView.swift */; };
		11CE474D284E2C1900C44471 /* CartItem.xib in Resources */ = {isa = PBXBuildFile; fileRef = 11CE4748284E2C0C00C44471 /* CartItem.xib */; };
		11CE474E284E2C1900C44471 /* CartItem.swift in Sources */ = {isa = PBXBuildFile; fileRef = 11CE4749284E2C0C00C44471 /* CartItem.swift */; };
		11CE474F284E2C1900C44471 /* ProductImageCellCollectionViewCell.swift in Sources */ = {isa = PBXBuildFile; fileRef = 11CE474B284E2C1400C44471 /* ProductImageCellCollectionViewCell.swift */; };
		11CE4750284E2C1900C44471 /* ProductImageCellCollectionViewCell.xib in Resources */ = {isa = PBXBuildFile; fileRef = 11CE474C284E2C1400C44471 /* ProductImageCellCollectionViewCell.xib */; };
		11CE7121284F84AE00B210C1 /* AddAddress.swift in Sources */ = {isa = PBXBuildFile; fileRef = 11CE711F284F84AE00B210C1 /* AddAddress.swift */; };
		11CE7122284F84AE00B210C1 /* AddAddress.xib in Resources */ = {isa = PBXBuildFile; fileRef = 11CE7120284F84AE00B210C1 /* AddAddress.xib */; };
		11CE7129284FB10800B210C1 /* AddressCell.swift in Sources */ = {isa = PBXBuildFile; fileRef = 11CE7127284FB10800B210C1 /* AddressCell.swift */; };
		11CE712A284FB10800B210C1 /* AddressCell.xib in Resources */ = {isa = PBXBuildFile; fileRef = 11CE7128284FB10800B210C1 /* AddressCell.xib */; };
		11E19AA52850D53800D10C6F /* UserDefaolts.swift in Sources */ = {isa = PBXBuildFile; fileRef = 11E19AA42850D53800D10C6F /* UserDefaolts.swift */; };
		11E19AAA2850D5D300D10C6F /* AddressViewModel.swift in Sources */ = {isa = PBXBuildFile; fileRef = 11E19AA92850D5D300D10C6F /* AddressViewModel.swift */; };
		381519282846468500F29C49 /* loginvc.swift in Sources */ = {isa = PBXBuildFile; fileRef = 381519262846468500F29C49 /* loginvc.swift */; };
		381519292846468500F29C49 /* loginvc.swift in Sources */ = {isa = PBXBuildFile; fileRef = 381519262846468500F29C49 /* loginvc.swift */; };
		3815192A2846468500F29C49 /* loginvc.swift in Sources */ = {isa = PBXBuildFile; fileRef = 381519262846468500F29C49 /* loginvc.swift */; };
		3815192B2846468500F29C49 /* loginvc.xib in Resources */ = {isa = PBXBuildFile; fileRef = 381519272846468500F29C49 /* loginvc.xib */; };
		3815192C2846468500F29C49 /* loginvc.xib in Resources */ = {isa = PBXBuildFile; fileRef = 381519272846468500F29C49 /* loginvc.xib */; };
		3815192D2846468500F29C49 /* loginvc.xib in Resources */ = {isa = PBXBuildFile; fileRef = 381519272846468500F29C49 /* loginvc.xib */; };
		38151937284646C100F29C49 /* CartView.xib in Resources */ = {isa = PBXBuildFile; fileRef = 3815192F284646C100F29C49 /* CartView.xib */; };
		38151938284646C100F29C49 /* CartView.xib in Resources */ = {isa = PBXBuildFile; fileRef = 3815192F284646C100F29C49 /* CartView.xib */; };
		38151939284646C100F29C49 /* CartView.xib in Resources */ = {isa = PBXBuildFile; fileRef = 3815192F284646C100F29C49 /* CartView.xib */; };
		3815193A284646C100F29C49 /* CartView.swift in Sources */ = {isa = PBXBuildFile; fileRef = 38151930284646C100F29C49 /* CartView.swift */; };
		3815193B284646C100F29C49 /* CartView.swift in Sources */ = {isa = PBXBuildFile; fileRef = 38151930284646C100F29C49 /* CartView.swift */; };
		3815193C284646C100F29C49 /* CartView.swift in Sources */ = {isa = PBXBuildFile; fileRef = 38151930284646C100F29C49 /* CartView.swift */; };
		3815193D284646C100F29C49 /* registerVc.swift in Sources */ = {isa = PBXBuildFile; fileRef = 38151932284646C100F29C49 /* registerVc.swift */; };
		3815193E284646C100F29C49 /* registerVc.swift in Sources */ = {isa = PBXBuildFile; fileRef = 38151932284646C100F29C49 /* registerVc.swift */; };
		3815193F284646C100F29C49 /* registerVc.swift in Sources */ = {isa = PBXBuildFile; fileRef = 38151932284646C100F29C49 /* registerVc.swift */; };
		38151940284646C100F29C49 /* registerVc.xib in Resources */ = {isa = PBXBuildFile; fileRef = 38151933284646C100F29C49 /* registerVc.xib */; };
		38151941284646C100F29C49 /* registerVc.xib in Resources */ = {isa = PBXBuildFile; fileRef = 38151933284646C100F29C49 /* registerVc.xib */; };
		38151942284646C100F29C49 /* registerVc.xib in Resources */ = {isa = PBXBuildFile; fileRef = 38151933284646C100F29C49 /* registerVc.xib */; };
		38151953284646E400F29C49 /* CatagoryCollectionViewCell.swift in Sources */ = {isa = PBXBuildFile; fileRef = 3815194B284646E400F29C49 /* CatagoryCollectionViewCell.swift */; };
		38151954284646E400F29C49 /* CatagoryCollectionViewCell.swift in Sources */ = {isa = PBXBuildFile; fileRef = 3815194B284646E400F29C49 /* CatagoryCollectionViewCell.swift */; };
		38151955284646E400F29C49 /* CatagoryCollectionViewCell.swift in Sources */ = {isa = PBXBuildFile; fileRef = 3815194B284646E400F29C49 /* CatagoryCollectionViewCell.swift */; };
		38151956284646E400F29C49 /* CatagoryCollectionViewCell.xib in Resources */ = {isa = PBXBuildFile; fileRef = 3815194C284646E400F29C49 /* CatagoryCollectionViewCell.xib */; };
		38151957284646E400F29C49 /* CatagoryCollectionViewCell.xib in Resources */ = {isa = PBXBuildFile; fileRef = 3815194C284646E400F29C49 /* CatagoryCollectionViewCell.xib */; };
		38151958284646E400F29C49 /* CatagoryCollectionViewCell.xib in Resources */ = {isa = PBXBuildFile; fileRef = 3815194C284646E400F29C49 /* CatagoryCollectionViewCell.xib */; };
		38151959284646E400F29C49 /* BrandsCollectionViewCell.swift in Sources */ = {isa = PBXBuildFile; fileRef = 3815194E284646E400F29C49 /* BrandsCollectionViewCell.swift */; };
		3815195A284646E400F29C49 /* BrandsCollectionViewCell.swift in Sources */ = {isa = PBXBuildFile; fileRef = 3815194E284646E400F29C49 /* BrandsCollectionViewCell.swift */; };
		3815195B284646E400F29C49 /* BrandsCollectionViewCell.swift in Sources */ = {isa = PBXBuildFile; fileRef = 3815194E284646E400F29C49 /* BrandsCollectionViewCell.swift */; };
		3815195C284646E400F29C49 /* BrandsCollectionViewCell.xib in Resources */ = {isa = PBXBuildFile; fileRef = 3815194F284646E400F29C49 /* BrandsCollectionViewCell.xib */; };
		3815195D284646E400F29C49 /* BrandsCollectionViewCell.xib in Resources */ = {isa = PBXBuildFile; fileRef = 3815194F284646E400F29C49 /* BrandsCollectionViewCell.xib */; };
		3815195E284646E400F29C49 /* BrandsCollectionViewCell.xib in Resources */ = {isa = PBXBuildFile; fileRef = 3815194F284646E400F29C49 /* BrandsCollectionViewCell.xib */; };
		3815195F284646E400F29C49 /* ProfileTableViewCell.swift in Sources */ = {isa = PBXBuildFile; fileRef = 38151951284646E400F29C49 /* ProfileTableViewCell.swift */; };
		38151960284646E400F29C49 /* ProfileTableViewCell.swift in Sources */ = {isa = PBXBuildFile; fileRef = 38151951284646E400F29C49 /* ProfileTableViewCell.swift */; };
		38151961284646E400F29C49 /* ProfileTableViewCell.swift in Sources */ = {isa = PBXBuildFile; fileRef = 38151951284646E400F29C49 /* ProfileTableViewCell.swift */; };
		38151962284646E400F29C49 /* ProfileTableViewCell.xib in Resources */ = {isa = PBXBuildFile; fileRef = 38151952284646E400F29C49 /* ProfileTableViewCell.xib */; };
		38151963284646E400F29C49 /* ProfileTableViewCell.xib in Resources */ = {isa = PBXBuildFile; fileRef = 38151952284646E400F29C49 /* ProfileTableViewCell.xib */; };
		38151964284646E400F29C49 /* ProfileTableViewCell.xib in Resources */ = {isa = PBXBuildFile; fileRef = 38151952284646E400F29C49 /* ProfileTableViewCell.xib */; };
		381519672846491200F29C49 /* SmartCollection.swift in Sources */ = {isa = PBXBuildFile; fileRef = 381519652846491100F29C49 /* SmartCollection.swift */; };
		381519682846491200F29C49 /* SmartCollection.swift in Sources */ = {isa = PBXBuildFile; fileRef = 381519652846491100F29C49 /* SmartCollection.swift */; };
		3855960B28454A3C00A56C78 /* NetworkService.swift in Sources */ = {isa = PBXBuildFile; fileRef = 3855960A28454A3C00A56C78 /* NetworkService.swift */; };
		3855960D28454A3C00A56C78 /* Collections.swift in Sources */ = {isa = PBXBuildFile; fileRef = 3855960C28454A3C00A56C78 /* Collections.swift */; };
		411B3B09283E7B9C006EBC17 /* AppDelegate.swift in Sources */ = {isa = PBXBuildFile; fileRef = 411B3B08283E7B9C006EBC17 /* AppDelegate.swift */; };
		411B3B0B283E7B9C006EBC17 /* SceneDelegate.swift in Sources */ = {isa = PBXBuildFile; fileRef = 411B3B0A283E7B9C006EBC17 /* SceneDelegate.swift */; };
		411B3B13283E7B9C006EBC17 /* Shop.xcdatamodeld in Sources */ = {isa = PBXBuildFile; fileRef = 411B3B11283E7B9C006EBC17 /* Shop.xcdatamodeld */; };
		411B3B15283E7B9D006EBC17 /* Assets.xcassets in Resources */ = {isa = PBXBuildFile; fileRef = 411B3B14283E7B9D006EBC17 /* Assets.xcassets */; };
		411B3B18283E7B9E006EBC17 /* LaunchScreen.storyboard in Resources */ = {isa = PBXBuildFile; fileRef = 411B3B16283E7B9E006EBC17 /* LaunchScreen.storyboard */; };
		411B3B23283E7B9E006EBC17 /* ShopTests.swift in Sources */ = {isa = PBXBuildFile; fileRef = 411B3B22283E7B9E006EBC17 /* ShopTests.swift */; };
		411B3B2D283E7B9E006EBC17 /* ShopUITests.swift in Sources */ = {isa = PBXBuildFile; fileRef = 411B3B2C283E7B9E006EBC17 /* ShopUITests.swift */; };
		411B3B2F283E7B9E006EBC17 /* ShopUITestsLaunchTests.swift in Sources */ = {isa = PBXBuildFile; fileRef = 411B3B2E283E7B9E006EBC17 /* ShopUITestsLaunchTests.swift */; };
		411B3B7B283E7F3E006EBC17 /* MyTabBar.swift in Sources */ = {isa = PBXBuildFile; fileRef = 411B3B7A283E7F3E006EBC17 /* MyTabBar.swift */; };
		411B3B7E283E7F88006EBC17 /* HomeVc.swift in Sources */ = {isa = PBXBuildFile; fileRef = 411B3B7C283E7F88006EBC17 /* HomeVc.swift */; };
		411B3B7F283E7F88006EBC17 /* HomeVc.xib in Resources */ = {isa = PBXBuildFile; fileRef = 411B3B7D283E7F88006EBC17 /* HomeVc.xib */; };
		411B3B82283E7FA9006EBC17 /* CategoryVc.swift in Sources */ = {isa = PBXBuildFile; fileRef = 411B3B80283E7FA9006EBC17 /* CategoryVc.swift */; };
		411B3B83283E7FA9006EBC17 /* CategoryVc.xib in Resources */ = {isa = PBXBuildFile; fileRef = 411B3B81283E7FA9006EBC17 /* CategoryVc.xib */; };
		411B3B86283E7FC5006EBC17 /* ProfileVc.swift in Sources */ = {isa = PBXBuildFile; fileRef = 411B3B84283E7FC5006EBC17 /* ProfileVc.swift */; };
		411B3B87283E7FC5006EBC17 /* ProfileVc.xib in Resources */ = {isa = PBXBuildFile; fileRef = 411B3B85283E7FC5006EBC17 /* ProfileVc.xib */; };
		411B3B8D283E82B2006EBC17 /* URLs.swift in Sources */ = {isa = PBXBuildFile; fileRef = 411B3B8C283E82B2006EBC17 /* URLs.swift */; };
		411B3B97283E83C9006EBC17 /* UIImage.swift in Sources */ = {isa = PBXBuildFile; fileRef = 411B3B96283E83C9006EBC17 /* UIImage.swift */; };
		418C3768283EB774007E9CAD /* EntryVc.swift in Sources */ = {isa = PBXBuildFile; fileRef = 418C3766283EB774007E9CAD /* EntryVc.swift */; };
		418C3769283EB774007E9CAD /* EntryVc.xib in Resources */ = {isa = PBXBuildFile; fileRef = 418C3767283EB774007E9CAD /* EntryVc.xib */; };
		58DC25CA5E7A40BF47886E4B /* Pods_Shop.framework in Frameworks */ = {isa = PBXBuildFile; fileRef = 5E9821A875E87CF80C5A188C /* Pods_Shop.framework */; };
		8C8006783243C29DE0B29882 /* Pods_Shop_ShopUITests.framework in Frameworks */ = {isa = PBXBuildFile; fileRef = 378A3A96A62476D1AD37721B /* Pods_Shop_ShopUITests.framework */; };
/* End PBXBuildFile section */

/* Begin PBXContainerItemProxy section */
		411B3B1F283E7B9E006EBC17 /* PBXContainerItemProxy */ = {
			isa = PBXContainerItemProxy;
			containerPortal = 411B3AFD283E7B9C006EBC17 /* Project object */;
			proxyType = 1;
			remoteGlobalIDString = 411B3B04283E7B9C006EBC17;
			remoteInfo = Shop;
		};
		411B3B29283E7B9E006EBC17 /* PBXContainerItemProxy */ = {
			isa = PBXContainerItemProxy;
			containerPortal = 411B3AFD283E7B9C006EBC17 /* Project object */;
			proxyType = 1;
			remoteGlobalIDString = 411B3B04283E7B9C006EBC17;
			remoteInfo = Shop;
		};
/* End PBXContainerItemProxy section */

/* Begin PBXFileReference section */
		11484F66284E3D6200C3C7A6 /* FavoriteViewController.swift */ = {isa = PBXFileReference; fileEncoding = 4; lastKnownFileType = sourcecode.swift; path = FavoriteViewController.swift; sourceTree = "<group>"; };
		11484F67284E3D6200C3C7A6 /* FavoriteViewController.xib */ = {isa = PBXFileReference; fileEncoding = 4; lastKnownFileType = file.xib; path = FavoriteViewController.xib; sourceTree = "<group>"; };
		11484F6E284E3E1200C3C7A6 /* ProductDetailsVc.swift */ = {isa = PBXFileReference; fileEncoding = 4; lastKnownFileType = sourcecode.swift; path = ProductDetailsVc.swift; sourceTree = "<group>"; };
		11484F6F284E3E1200C3C7A6 /* ProductDetailsVc.xib */ = {isa = PBXFileReference; fileEncoding = 4; lastKnownFileType = file.xib; path = ProductDetailsVc.xib; sourceTree = "<group>"; };
		114925AF284FFC4900F0489C /* AddressesTable.swift */ = {isa = PBXFileReference; lastKnownFileType = sourcecode.swift; path = AddressesTable.swift; sourceTree = "<group>"; };
		114925B0284FFC4900F0489C /* AddressesTable.xib */ = {isa = PBXFileReference; lastKnownFileType = file.xib; path = AddressesTable.xib; sourceTree = "<group>"; };
		114925B62850028100F0489C /* Address.swift */ = {isa = PBXFileReference; lastKnownFileType = sourcecode.swift; path = Address.swift; sourceTree = "<group>"; };
		114925BB285007F000F0489C /* Encodable.swift */ = {isa = PBXFileReference; lastKnownFileType = sourcecode.swift; path = Encodable.swift; sourceTree = "<group>"; };
		1166CA1E283EAD260036648C /* Porduct.swift */ = {isa = PBXFileReference; lastKnownFileType = sourcecode.swift; path = Porduct.swift; sourceTree = "<group>"; };
		1166CA23283EADB60036648C /* UITableView.swift */ = {isa = PBXFileReference; lastKnownFileType = sourcecode.swift; path = UITableView.swift; sourceTree = "<group>"; };
		11CE473A284E2B6700C44471 /* CoreDataManager.swift */ = {isa = PBXFileReference; fileEncoding = 4; lastKnownFileType = sourcecode.swift; path = CoreDataManager.swift; sourceTree = "<group>"; };
		11CE4741284E2B8200C44471 /* BrandsViewModel.swift */ = {isa = PBXFileReference; fileEncoding = 4; lastKnownFileType = sourcecode.swift; path = BrandsViewModel.swift; sourceTree = "<group>"; };
		11CE4742284E2B8200C44471 /* FavoriteViewModel.swift */ = {isa = PBXFileReference; fileEncoding = 4; lastKnownFileType = sourcecode.swift; path = FavoriteViewModel.swift; sourceTree = "<group>"; };
		11CE4743284E2B8200C44471 /* ShopingModelView.swift */ = {isa = PBXFileReference; fileEncoding = 4; lastKnownFileType = sourcecode.swift; path = ShopingModelView.swift; sourceTree = "<group>"; };
		11CE4748284E2C0C00C44471 /* CartItem.xib */ = {isa = PBXFileReference; fileEncoding = 4; lastKnownFileType = file.xib; path = CartItem.xib; sourceTree = "<group>"; };
		11CE4749284E2C0C00C44471 /* CartItem.swift */ = {isa = PBXFileReference; fileEncoding = 4; lastKnownFileType = sourcecode.swift; path = CartItem.swift; sourceTree = "<group>"; };
		11CE474B284E2C1400C44471 /* ProductImageCellCollectionViewCell.swift */ = {isa = PBXFileReference; fileEncoding = 4; lastKnownFileType = sourcecode.swift; path = ProductImageCellCollectionViewCell.swift; sourceTree = "<group>"; };
		11CE474C284E2C1400C44471 /* ProductImageCellCollectionViewCell.xib */ = {isa = PBXFileReference; fileEncoding = 4; lastKnownFileType = file.xib; path = ProductImageCellCollectionViewCell.xib; sourceTree = "<group>"; };
		11CE711F284F84AE00B210C1 /* AddAddress.swift */ = {isa = PBXFileReference; lastKnownFileType = sourcecode.swift; path = AddAddress.swift; sourceTree = "<group>"; };
		11CE7120284F84AE00B210C1 /* AddAddress.xib */ = {isa = PBXFileReference; lastKnownFileType = file.xib; path = AddAddress.xib; sourceTree = "<group>"; };
		11CE7127284FB10800B210C1 /* AddressCell.swift */ = {isa = PBXFileReference; lastKnownFileType = sourcecode.swift; path = AddressCell.swift; sourceTree = "<group>"; };
		11CE7128284FB10800B210C1 /* AddressCell.xib */ = {isa = PBXFileReference; lastKnownFileType = file.xib; path = AddressCell.xib; sourceTree = "<group>"; };
		11E19AA42850D53800D10C6F /* UserDefaolts.swift */ = {isa = PBXFileReference; lastKnownFileType = sourcecode.swift; path = UserDefaolts.swift; sourceTree = "<group>"; };
		11E19AA92850D5D300D10C6F /* AddressViewModel.swift */ = {isa = PBXFileReference; lastKnownFileType = sourcecode.swift; path = AddressViewModel.swift; sourceTree = "<group>"; };
		2C6AEE9FBB2C3A476FB2DD57 /* Pods-Shop.debug.xcconfig */ = {isa = PBXFileReference; includeInIndex = 1; lastKnownFileType = text.xcconfig; name = "Pods-Shop.debug.xcconfig"; path = "Target Support Files/Pods-Shop/Pods-Shop.debug.xcconfig"; sourceTree = "<group>"; };
		378A3A96A62476D1AD37721B /* Pods_Shop_ShopUITests.framework */ = {isa = PBXFileReference; explicitFileType = wrapper.framework; includeInIndex = 0; path = Pods_Shop_ShopUITests.framework; sourceTree = BUILT_PRODUCTS_DIR; };
		381519262846468500F29C49 /* loginvc.swift */ = {isa = PBXFileReference; fileEncoding = 4; lastKnownFileType = sourcecode.swift; path = loginvc.swift; sourceTree = "<group>"; };
		381519272846468500F29C49 /* loginvc.xib */ = {isa = PBXFileReference; fileEncoding = 4; lastKnownFileType = file.xib; path = loginvc.xib; sourceTree = "<group>"; };
		3815192F284646C100F29C49 /* CartView.xib */ = {isa = PBXFileReference; fileEncoding = 4; lastKnownFileType = file.xib; path = CartView.xib; sourceTree = "<group>"; };
		38151930284646C100F29C49 /* CartView.swift */ = {isa = PBXFileReference; fileEncoding = 4; lastKnownFileType = sourcecode.swift; path = CartView.swift; sourceTree = "<group>"; };
		38151932284646C100F29C49 /* registerVc.swift */ = {isa = PBXFileReference; fileEncoding = 4; lastKnownFileType = sourcecode.swift; path = registerVc.swift; sourceTree = "<group>"; };
		38151933284646C100F29C49 /* registerVc.xib */ = {isa = PBXFileReference; fileEncoding = 4; lastKnownFileType = file.xib; path = registerVc.xib; sourceTree = "<group>"; };
		3815194B284646E400F29C49 /* CatagoryCollectionViewCell.swift */ = {isa = PBXFileReference; fileEncoding = 4; lastKnownFileType = sourcecode.swift; path = CatagoryCollectionViewCell.swift; sourceTree = "<group>"; };
		3815194C284646E400F29C49 /* CatagoryCollectionViewCell.xib */ = {isa = PBXFileReference; fileEncoding = 4; lastKnownFileType = file.xib; path = CatagoryCollectionViewCell.xib; sourceTree = "<group>"; };
		3815194E284646E400F29C49 /* BrandsCollectionViewCell.swift */ = {isa = PBXFileReference; fileEncoding = 4; lastKnownFileType = sourcecode.swift; path = BrandsCollectionViewCell.swift; sourceTree = "<group>"; };
		3815194F284646E400F29C49 /* BrandsCollectionViewCell.xib */ = {isa = PBXFileReference; fileEncoding = 4; lastKnownFileType = file.xib; path = BrandsCollectionViewCell.xib; sourceTree = "<group>"; };
		38151951284646E400F29C49 /* ProfileTableViewCell.swift */ = {isa = PBXFileReference; fileEncoding = 4; lastKnownFileType = sourcecode.swift; path = ProfileTableViewCell.swift; sourceTree = "<group>"; };
		38151952284646E400F29C49 /* ProfileTableViewCell.xib */ = {isa = PBXFileReference; fileEncoding = 4; lastKnownFileType = file.xib; path = ProfileTableViewCell.xib; sourceTree = "<group>"; };
		381519652846491100F29C49 /* SmartCollection.swift */ = {isa = PBXFileReference; fileEncoding = 4; lastKnownFileType = sourcecode.swift; path = SmartCollection.swift; sourceTree = "<group>"; };
		3855960A28454A3C00A56C78 /* NetworkService.swift */ = {isa = PBXFileReference; fileEncoding = 4; lastKnownFileType = sourcecode.swift; path = NetworkService.swift; sourceTree = "<group>"; };
		3855960C28454A3C00A56C78 /* Collections.swift */ = {isa = PBXFileReference; lastKnownFileType = sourcecode.swift; path = Collections.swift; sourceTree = "<group>"; };
		411B3B05283E7B9C006EBC17 /* Shop.app */ = {isa = PBXFileReference; explicitFileType = wrapper.application; includeInIndex = 0; path = Shop.app; sourceTree = BUILT_PRODUCTS_DIR; };
		411B3B08283E7B9C006EBC17 /* AppDelegate.swift */ = {isa = PBXFileReference; lastKnownFileType = sourcecode.swift; path = AppDelegate.swift; sourceTree = "<group>"; };
		411B3B0A283E7B9C006EBC17 /* SceneDelegate.swift */ = {isa = PBXFileReference; lastKnownFileType = sourcecode.swift; path = SceneDelegate.swift; sourceTree = "<group>"; };
		411B3B12283E7B9C006EBC17 /* Shop.xcdatamodel */ = {isa = PBXFileReference; lastKnownFileType = wrapper.xcdatamodel; path = Shop.xcdatamodel; sourceTree = "<group>"; };
		411B3B14283E7B9D006EBC17 /* Assets.xcassets */ = {isa = PBXFileReference; lastKnownFileType = folder.assetcatalog; path = Assets.xcassets; sourceTree = "<group>"; };
		411B3B17283E7B9E006EBC17 /* Base */ = {isa = PBXFileReference; lastKnownFileType = file.storyboard; name = Base; path = Base.lproj/LaunchScreen.storyboard; sourceTree = "<group>"; };
		411B3B19283E7B9E006EBC17 /* Info.plist */ = {isa = PBXFileReference; lastKnownFileType = text.plist.xml; path = Info.plist; sourceTree = "<group>"; };
		411B3B1E283E7B9E006EBC17 /* ShopTests.xctest */ = {isa = PBXFileReference; explicitFileType = wrapper.cfbundle; includeInIndex = 0; path = ShopTests.xctest; sourceTree = BUILT_PRODUCTS_DIR; };
		411B3B22283E7B9E006EBC17 /* ShopTests.swift */ = {isa = PBXFileReference; lastKnownFileType = sourcecode.swift; path = ShopTests.swift; sourceTree = "<group>"; };
		411B3B28283E7B9E006EBC17 /* ShopUITests.xctest */ = {isa = PBXFileReference; explicitFileType = wrapper.cfbundle; includeInIndex = 0; path = ShopUITests.xctest; sourceTree = BUILT_PRODUCTS_DIR; };
		411B3B2C283E7B9E006EBC17 /* ShopUITests.swift */ = {isa = PBXFileReference; lastKnownFileType = sourcecode.swift; path = ShopUITests.swift; sourceTree = "<group>"; };
		411B3B2E283E7B9E006EBC17 /* ShopUITestsLaunchTests.swift */ = {isa = PBXFileReference; lastKnownFileType = sourcecode.swift; path = ShopUITestsLaunchTests.swift; sourceTree = "<group>"; };
		411B3B7A283E7F3E006EBC17 /* MyTabBar.swift */ = {isa = PBXFileReference; lastKnownFileType = sourcecode.swift; path = MyTabBar.swift; sourceTree = "<group>"; };
		411B3B7C283E7F88006EBC17 /* HomeVc.swift */ = {isa = PBXFileReference; lastKnownFileType = sourcecode.swift; path = HomeVc.swift; sourceTree = "<group>"; };
		411B3B7D283E7F88006EBC17 /* HomeVc.xib */ = {isa = PBXFileReference; lastKnownFileType = file.xib; path = HomeVc.xib; sourceTree = "<group>"; };
		411B3B80283E7FA9006EBC17 /* CategoryVc.swift */ = {isa = PBXFileReference; lastKnownFileType = sourcecode.swift; path = CategoryVc.swift; sourceTree = "<group>"; };
		411B3B81283E7FA9006EBC17 /* CategoryVc.xib */ = {isa = PBXFileReference; lastKnownFileType = file.xib; path = CategoryVc.xib; sourceTree = "<group>"; };
		411B3B84283E7FC5006EBC17 /* ProfileVc.swift */ = {isa = PBXFileReference; lastKnownFileType = sourcecode.swift; path = ProfileVc.swift; sourceTree = "<group>"; };
		411B3B85283E7FC5006EBC17 /* ProfileVc.xib */ = {isa = PBXFileReference; lastKnownFileType = file.xib; path = ProfileVc.xib; sourceTree = "<group>"; };
		411B3B8C283E82B2006EBC17 /* URLs.swift */ = {isa = PBXFileReference; lastKnownFileType = sourcecode.swift; path = URLs.swift; sourceTree = "<group>"; };
		411B3B96283E83C9006EBC17 /* UIImage.swift */ = {isa = PBXFileReference; lastKnownFileType = sourcecode.swift; path = UIImage.swift; sourceTree = "<group>"; };
		418C3766283EB774007E9CAD /* EntryVc.swift */ = {isa = PBXFileReference; lastKnownFileType = sourcecode.swift; path = EntryVc.swift; sourceTree = "<group>"; };
		418C3767283EB774007E9CAD /* EntryVc.xib */ = {isa = PBXFileReference; lastKnownFileType = file.xib; path = EntryVc.xib; sourceTree = "<group>"; };
		5E9821A875E87CF80C5A188C /* Pods_Shop.framework */ = {isa = PBXFileReference; explicitFileType = wrapper.framework; includeInIndex = 0; path = Pods_Shop.framework; sourceTree = BUILT_PRODUCTS_DIR; };
		72E42249CA4927F5989AA591 /* Pods_ShopTests.framework */ = {isa = PBXFileReference; explicitFileType = wrapper.framework; includeInIndex = 0; path = Pods_ShopTests.framework; sourceTree = BUILT_PRODUCTS_DIR; };
		7693154AD6607F0C6D99A5DC /* Pods-Shop-ShopUITests.debug.xcconfig */ = {isa = PBXFileReference; includeInIndex = 1; lastKnownFileType = text.xcconfig; name = "Pods-Shop-ShopUITests.debug.xcconfig"; path = "Target Support Files/Pods-Shop-ShopUITests/Pods-Shop-ShopUITests.debug.xcconfig"; sourceTree = "<group>"; };
		88AA3139D61F43750990ED03 /* Pods-ShopTests.release.xcconfig */ = {isa = PBXFileReference; includeInIndex = 1; lastKnownFileType = text.xcconfig; name = "Pods-ShopTests.release.xcconfig"; path = "Target Support Files/Pods-ShopTests/Pods-ShopTests.release.xcconfig"; sourceTree = "<group>"; };
		B2D42EE20C2249B68074B37E /* Pods-ShopTests.debug.xcconfig */ = {isa = PBXFileReference; includeInIndex = 1; lastKnownFileType = text.xcconfig; name = "Pods-ShopTests.debug.xcconfig"; path = "Target Support Files/Pods-ShopTests/Pods-ShopTests.debug.xcconfig"; sourceTree = "<group>"; };
		B79FC3E74CE618F980448B79 /* Pods-Shop-ShopUITests.release.xcconfig */ = {isa = PBXFileReference; includeInIndex = 1; lastKnownFileType = text.xcconfig; name = "Pods-Shop-ShopUITests.release.xcconfig"; path = "Target Support Files/Pods-Shop-ShopUITests/Pods-Shop-ShopUITests.release.xcconfig"; sourceTree = "<group>"; };
		D207FBBEA01CC1110962E4FA /* Pods-Shop.release.xcconfig */ = {isa = PBXFileReference; includeInIndex = 1; lastKnownFileType = text.xcconfig; name = "Pods-Shop.release.xcconfig"; path = "Target Support Files/Pods-Shop/Pods-Shop.release.xcconfig"; sourceTree = "<group>"; };
/* End PBXFileReference section */

/* Begin PBXFrameworksBuildPhase section */
		411B3B02283E7B9C006EBC17 /* Frameworks */ = {
			isa = PBXFrameworksBuildPhase;
			buildActionMask = 2147483647;
			files = (
				58DC25CA5E7A40BF47886E4B /* Pods_Shop.framework in Frameworks */,
			);
			runOnlyForDeploymentPostprocessing = 0;
		};
		411B3B1B283E7B9E006EBC17 /* Frameworks */ = {
			isa = PBXFrameworksBuildPhase;
			buildActionMask = 2147483647;
			files = (
				041B6D87A6209F4BC64360B9 /* Pods_ShopTests.framework in Frameworks */,
			);
			runOnlyForDeploymentPostprocessing = 0;
		};
		411B3B25283E7B9E006EBC17 /* Frameworks */ = {
			isa = PBXFrameworksBuildPhase;
			buildActionMask = 2147483647;
			files = (
				8C8006783243C29DE0B29882 /* Pods_Shop_ShopUITests.framework in Frameworks */,
			);
			runOnlyForDeploymentPostprocessing = 0;
		};
/* End PBXFrameworksBuildPhase section */

/* Begin PBXGroup section */
		11484F65284E3D6200C3C7A6 /* Favorite */ = {
			isa = PBXGroup;
			children = (
				11484F66284E3D6200C3C7A6 /* FavoriteViewController.swift */,
				11484F67284E3D6200C3C7A6 /* FavoriteViewController.xib */,
			);
			path = Favorite;
			sourceTree = "<group>";
		};
		11484F6D284E3E1200C3C7A6 /* ProductDeatis */ = {
			isa = PBXGroup;
			children = (
				11484F6E284E3E1200C3C7A6 /* ProductDetailsVc.swift */,
				11484F6F284E3E1200C3C7A6 /* ProductDetailsVc.xib */,
			);
			path = ProductDeatis;
			sourceTree = "<group>";
		};
		1166CA1C283EACE20036648C /* Modles */ = {
			isa = PBXGroup;
			children = (
				11CE4739284E2B6700C44471 /* LocolData */,
				3855960928454A3C00A56C78 /* NetworkService */,
				1166CA1D283EACF10036648C /* PONSOs */,
			);
			path = Modles;
			sourceTree = "<group>";
		};
		1166CA1D283EACF10036648C /* PONSOs */ = {
			isa = PBXGroup;
			children = (
				381519652846491100F29C49 /* SmartCollection.swift */,
				1166CA1E283EAD260036648C /* Porduct.swift */,
				3855960C28454A3C00A56C78 /* Collections.swift */,
				114925B62850028100F0489C /* Address.swift */,
			);
			path = PONSOs;
			sourceTree = "<group>";
		};
		11CE4739284E2B6700C44471 /* LocolData */ = {
			isa = PBXGroup;
			children = (
				11CE473A284E2B6700C44471 /* CoreDataManager.swift */,
				11E19AA42850D53800D10C6F /* UserDefaolts.swift */,
			);
			path = LocolData;
			sourceTree = "<group>";
		};
		11CE473F284E2B8200C44471 /* ViewModel */ = {
			isa = PBXGroup;
			children = (
				11CE4741284E2B8200C44471 /* BrandsViewModel.swift */,
				11CE4742284E2B8200C44471 /* FavoriteViewModel.swift */,
				11CE4743284E2B8200C44471 /* ShopingModelView.swift */,
				11E19AA92850D5D300D10C6F /* AddressViewModel.swift */,
			);
			path = ViewModel;
			sourceTree = "<group>";
		};
		11CE4747284E2C0B00C44471 /* CartItem */ = {
			isa = PBXGroup;
			children = (
				11CE4748284E2C0C00C44471 /* CartItem.xib */,
				11CE4749284E2C0C00C44471 /* CartItem.swift */,
			);
			path = CartItem;
			sourceTree = "<group>";
		};
		11CE474A284E2C1400C44471 /* productDetails */ = {
			isa = PBXGroup;
			children = (
				11CE474B284E2C1400C44471 /* ProductImageCellCollectionViewCell.swift */,
				11CE474C284E2C1400C44471 /* ProductImageCellCollectionViewCell.xib */,
			);
			path = productDetails;
			sourceTree = "<group>";
		};
		11CE7113284F825700B210C1 /* AddressView */ = {
			isa = PBXGroup;
			children = (
				114925AF284FFC4900F0489C /* AddressesTable.swift */,
				114925B0284FFC4900F0489C /* AddressesTable.xib */,
				11CE711F284F84AE00B210C1 /* AddAddress.swift */,
				11CE7120284F84AE00B210C1 /* AddAddress.xib */,
			);
			path = AddressView;
			sourceTree = "<group>";
		};
		11CE7126284FB09E00B210C1 /* Address */ = {
			isa = PBXGroup;
			children = (
				11CE7127284FB10800B210C1 /* AddressCell.swift */,
				11CE7128284FB10800B210C1 /* AddressCell.xib */,
			);
			path = Address;
			sourceTree = "<group>";
		};
		381519252846468500F29C49 /* Login */ = {
			isa = PBXGroup;
			children = (
				381519262846468500F29C49 /* loginvc.swift */,
				381519272846468500F29C49 /* loginvc.xib */,
			);
			path = Login;
			sourceTree = "<group>";
		};
		3815192E284646C100F29C49 /* CartView */ = {
			isa = PBXGroup;
			children = (
				3815192F284646C100F29C49 /* CartView.xib */,
				38151930284646C100F29C49 /* CartView.swift */,
			);
			path = CartView;
			sourceTree = "<group>";
		};
		38151931284646C100F29C49 /* Register */ = {
			isa = PBXGroup;
			children = (
				38151932284646C100F29C49 /* registerVc.swift */,
				38151933284646C100F29C49 /* registerVc.xib */,
			);
			path = Register;
			sourceTree = "<group>";
		};
		38151949284646E400F29C49 /* Cells */ = {
			isa = PBXGroup;
			children = (
				11CE7126284FB09E00B210C1 /* Address */,
				11CE4747284E2C0B00C44471 /* CartItem */,
				11CE474A284E2C1400C44471 /* productDetails */,
				3815194A284646E400F29C49 /* catagory */,
				3815194D284646E400F29C49 /* Home */,
				38151950284646E400F29C49 /* Profile */,
			);
			name = Cells;
			path = Shop/View/Cells;
			sourceTree = SOURCE_ROOT;
		};
		3815194A284646E400F29C49 /* catagory */ = {
			isa = PBXGroup;
			children = (
				3815194B284646E400F29C49 /* CatagoryCollectionViewCell.swift */,
				3815194C284646E400F29C49 /* CatagoryCollectionViewCell.xib */,
			);
			path = catagory;
			sourceTree = "<group>";
		};
		3815194D284646E400F29C49 /* Home */ = {
			isa = PBXGroup;
			children = (
				3815194E284646E400F29C49 /* BrandsCollectionViewCell.swift */,
				3815194F284646E400F29C49 /* BrandsCollectionViewCell.xib */,
			);
			path = Home;
			sourceTree = "<group>";
		};
		38151950284646E400F29C49 /* Profile */ = {
			isa = PBXGroup;
			children = (
				38151951284646E400F29C49 /* ProfileTableViewCell.swift */,
				38151952284646E400F29C49 /* ProfileTableViewCell.xib */,
			);
			path = Profile;
			sourceTree = "<group>";
		};
		3855960928454A3C00A56C78 /* NetworkService */ = {
			isa = PBXGroup;
			children = (
				3855960A28454A3C00A56C78 /* NetworkService.swift */,
			);
			path = NetworkService;
			sourceTree = "<group>";
		};
		39876DB5A5DEAED0E01C8571 /* Frameworks */ = {
			isa = PBXGroup;
			children = (
				5E9821A875E87CF80C5A188C /* Pods_Shop.framework */,
				378A3A96A62476D1AD37721B /* Pods_Shop_ShopUITests.framework */,
				72E42249CA4927F5989AA591 /* Pods_ShopTests.framework */,
			);
			name = Frameworks;
			sourceTree = "<group>";
		};
		411B3AFC283E7B9C006EBC17 = {
			isa = PBXGroup;
			children = (
				411B3B07283E7B9C006EBC17 /* Shop */,
				411B3B21283E7B9E006EBC17 /* ShopTests */,
				411B3B2B283E7B9E006EBC17 /* ShopUITests */,
				411B3B06283E7B9C006EBC17 /* Products */,
				B35252D7983E88B5EA1E5532 /* Pods */,
				39876DB5A5DEAED0E01C8571 /* Frameworks */,
			);
			sourceTree = "<group>";
		};
		411B3B06283E7B9C006EBC17 /* Products */ = {
			isa = PBXGroup;
			children = (
				411B3B05283E7B9C006EBC17 /* Shop.app */,
				411B3B1E283E7B9E006EBC17 /* ShopTests.xctest */,
				411B3B28283E7B9E006EBC17 /* ShopUITests.xctest */,
			);
			name = Products;
			sourceTree = "<group>";
		};
		411B3B07283E7B9C006EBC17 /* Shop */ = {
			isa = PBXGroup;
			children = (
				11CE473F284E2B8200C44471 /* ViewModel */,
				1166CA1C283EACE20036648C /* Modles */,
				411B3B95283E8359006EBC17 /* Extension */,
				411B3B94283E8337006EBC17 /* Resources */,
				411B3B8A283E828E006EBC17 /* Constants */,
				411B3B89283E8251006EBC17 /* Delegate */,
				411B3B88283E81DC006EBC17 /* View */,
				411B3B19283E7B9E006EBC17 /* Info.plist */,
			);
			path = Shop;
			sourceTree = "<group>";
		};
		411B3B21283E7B9E006EBC17 /* ShopTests */ = {
			isa = PBXGroup;
			children = (
				411B3B22283E7B9E006EBC17 /* ShopTests.swift */,
			);
			path = ShopTests;
			sourceTree = "<group>";
		};
		411B3B2B283E7B9E006EBC17 /* ShopUITests */ = {
			isa = PBXGroup;
			children = (
				411B3B2C283E7B9E006EBC17 /* ShopUITests.swift */,
				411B3B2E283E7B9E006EBC17 /* ShopUITestsLaunchTests.swift */,
			);
			path = ShopUITests;
			sourceTree = "<group>";
		};
		411B3B88283E81DC006EBC17 /* View */ = {
			isa = PBXGroup;
			children = (
				11CE7113284F825700B210C1 /* AddressView */,
				11484F6D284E3E1200C3C7A6 /* ProductDeatis */,
				11484F65284E3D6200C3C7A6 /* Favorite */,
				3815192E284646C100F29C49 /* CartView */,
				38151931284646C100F29C49 /* Register */,
				381519252846468500F29C49 /* Login */,
				38151949284646E400F29C49 /* Cells */,
				418C3765283EB753007E9CAD /* EntryScreen */,
				411B3B93283E8324006EBC17 /* TabBar */,
				411B3B92283E8310006EBC17 /* Profile */,
				411B3B91283E82FD006EBC17 /* Catagory */,
				411B3B90283E82ED006EBC17 /* Home */,
			);
			path = View;
			sourceTree = "<group>";
		};
		411B3B89283E8251006EBC17 /* Delegate */ = {
			isa = PBXGroup;
			children = (
				411B3B08283E7B9C006EBC17 /* AppDelegate.swift */,
				411B3B0A283E7B9C006EBC17 /* SceneDelegate.swift */,
			);
			path = Delegate;
			sourceTree = "<group>";
		};
		411B3B8A283E828E006EBC17 /* Constants */ = {
			isa = PBXGroup;
			children = (
				411B3B8B283E82A3006EBC17 /* URLs */,
			);
			path = Constants;
			sourceTree = "<group>";
		};
		411B3B8B283E82A3006EBC17 /* URLs */ = {
			isa = PBXGroup;
			children = (
				411B3B8C283E82B2006EBC17 /* URLs.swift */,
			);
			path = URLs;
			sourceTree = "<group>";
		};
		411B3B90283E82ED006EBC17 /* Home */ = {
			isa = PBXGroup;
			children = (
				411B3B7C283E7F88006EBC17 /* HomeVc.swift */,
				411B3B7D283E7F88006EBC17 /* HomeVc.xib */,
			);
			path = Home;
			sourceTree = "<group>";
		};
		411B3B91283E82FD006EBC17 /* Catagory */ = {
			isa = PBXGroup;
			children = (
				411B3B80283E7FA9006EBC17 /* CategoryVc.swift */,
				411B3B81283E7FA9006EBC17 /* CategoryVc.xib */,
			);
			path = Catagory;
			sourceTree = "<group>";
		};
		411B3B92283E8310006EBC17 /* Profile */ = {
			isa = PBXGroup;
			children = (
				411B3B84283E7FC5006EBC17 /* ProfileVc.swift */,
				411B3B85283E7FC5006EBC17 /* ProfileVc.xib */,
			);
			path = Profile;
			sourceTree = "<group>";
		};
		411B3B93283E8324006EBC17 /* TabBar */ = {
			isa = PBXGroup;
			children = (
				411B3B7A283E7F3E006EBC17 /* MyTabBar.swift */,
			);
			path = TabBar;
			sourceTree = "<group>";
		};
		411B3B94283E8337006EBC17 /* Resources */ = {
			isa = PBXGroup;
			children = (
				411B3B11283E7B9C006EBC17 /* Shop.xcdatamodeld */,
				411B3B14283E7B9D006EBC17 /* Assets.xcassets */,
				411B3B16283E7B9E006EBC17 /* LaunchScreen.storyboard */,
			);
			path = Resources;
			sourceTree = "<group>";
		};
		411B3B95283E8359006EBC17 /* Extension */ = {
			isa = PBXGroup;
			children = (
				411B3B96283E83C9006EBC17 /* UIImage.swift */,
				1166CA23283EADB60036648C /* UITableView.swift */,
				114925BB285007F000F0489C /* Encodable.swift */,
			);
			path = Extension;
			sourceTree = "<group>";
		};
		418C3765283EB753007E9CAD /* EntryScreen */ = {
			isa = PBXGroup;
			children = (
				418C3766283EB774007E9CAD /* EntryVc.swift */,
				418C3767283EB774007E9CAD /* EntryVc.xib */,
			);
			path = EntryScreen;
			sourceTree = "<group>";
		};
		B35252D7983E88B5EA1E5532 /* Pods */ = {
			isa = PBXGroup;
			children = (
				2C6AEE9FBB2C3A476FB2DD57 /* Pods-Shop.debug.xcconfig */,
				D207FBBEA01CC1110962E4FA /* Pods-Shop.release.xcconfig */,
				7693154AD6607F0C6D99A5DC /* Pods-Shop-ShopUITests.debug.xcconfig */,
				B79FC3E74CE618F980448B79 /* Pods-Shop-ShopUITests.release.xcconfig */,
				B2D42EE20C2249B68074B37E /* Pods-ShopTests.debug.xcconfig */,
				88AA3139D61F43750990ED03 /* Pods-ShopTests.release.xcconfig */,
			);
			path = Pods;
			sourceTree = "<group>";
		};
/* End PBXGroup section */

/* Begin PBXNativeTarget section */
		411B3B04283E7B9C006EBC17 /* Shop */ = {
			isa = PBXNativeTarget;
			buildConfigurationList = 411B3B32283E7B9E006EBC17 /* Build configuration list for PBXNativeTarget "Shop" */;
			buildPhases = (
				4176A49C91B0DEC597DFE1A2 /* [CP] Check Pods Manifest.lock */,
				411B3B01283E7B9C006EBC17 /* Sources */,
				411B3B02283E7B9C006EBC17 /* Frameworks */,
				411B3B03283E7B9C006EBC17 /* Resources */,
				EDD81317845CA6B5F8A7FB5C /* [CP] Embed Pods Frameworks */,
			);
			buildRules = (
			);
			dependencies = (
			);
			name = Shop;
			productName = Shop;
			productReference = 411B3B05283E7B9C006EBC17 /* Shop.app */;
			productType = "com.apple.product-type.application";
		};
		411B3B1D283E7B9E006EBC17 /* ShopTests */ = {
			isa = PBXNativeTarget;
			buildConfigurationList = 411B3B35283E7B9E006EBC17 /* Build configuration list for PBXNativeTarget "ShopTests" */;
			buildPhases = (
				D6952114A4AC9615BA2ED5AF /* [CP] Check Pods Manifest.lock */,
				411B3B1A283E7B9E006EBC17 /* Sources */,
				411B3B1B283E7B9E006EBC17 /* Frameworks */,
				411B3B1C283E7B9E006EBC17 /* Resources */,
			);
			buildRules = (
			);
			dependencies = (
				411B3B20283E7B9E006EBC17 /* PBXTargetDependency */,
			);
			name = ShopTests;
			productName = ShopTests;
			productReference = 411B3B1E283E7B9E006EBC17 /* ShopTests.xctest */;
			productType = "com.apple.product-type.bundle.unit-test";
		};
		411B3B27283E7B9E006EBC17 /* ShopUITests */ = {
			isa = PBXNativeTarget;
			buildConfigurationList = 411B3B38283E7B9E006EBC17 /* Build configuration list for PBXNativeTarget "ShopUITests" */;
			buildPhases = (
				A6851545462ABC7DBC0AE7EE /* [CP] Check Pods Manifest.lock */,
				411B3B24283E7B9E006EBC17 /* Sources */,
				411B3B25283E7B9E006EBC17 /* Frameworks */,
				411B3B26283E7B9E006EBC17 /* Resources */,
				855C2F8ACE639E75BBBB3BDE /* [CP] Embed Pods Frameworks */,
			);
			buildRules = (
			);
			dependencies = (
				411B3B2A283E7B9E006EBC17 /* PBXTargetDependency */,
			);
			name = ShopUITests;
			productName = ShopUITests;
			productReference = 411B3B28283E7B9E006EBC17 /* ShopUITests.xctest */;
			productType = "com.apple.product-type.bundle.ui-testing";
		};
/* End PBXNativeTarget section */

/* Begin PBXProject section */
		411B3AFD283E7B9C006EBC17 /* Project object */ = {
			isa = PBXProject;
			attributes = {
				BuildIndependentTargetsInParallel = 1;
				LastSwiftUpdateCheck = 1330;
				LastUpgradeCheck = 1340;
				TargetAttributes = {
					411B3B04283E7B9C006EBC17 = {
						CreatedOnToolsVersion = 13.3.1;
					};
					411B3B1D283E7B9E006EBC17 = {
						CreatedOnToolsVersion = 13.3.1;
						TestTargetID = 411B3B04283E7B9C006EBC17;
					};
					411B3B27283E7B9E006EBC17 = {
						CreatedOnToolsVersion = 13.3.1;
						TestTargetID = 411B3B04283E7B9C006EBC17;
					};
				};
			};
			buildConfigurationList = 411B3B00283E7B9C006EBC17 /* Build configuration list for PBXProject "Shop" */;
			compatibilityVersion = "Xcode 12.0";
			developmentRegion = en;
			hasScannedForEncodings = 0;
			knownRegions = (
				en,
				Base,
			);
			mainGroup = 411B3AFC283E7B9C006EBC17;
			productRefGroup = 411B3B06283E7B9C006EBC17 /* Products */;
			projectDirPath = "";
			projectRoot = "";
			targets = (
				411B3B04283E7B9C006EBC17 /* Shop */,
				411B3B1D283E7B9E006EBC17 /* ShopTests */,
				411B3B27283E7B9E006EBC17 /* ShopUITests */,
			);
		};
/* End PBXProject section */

/* Begin PBXResourcesBuildPhase section */
		411B3B03283E7B9C006EBC17 /* Resources */ = {
			isa = PBXResourcesBuildPhase;
			buildActionMask = 2147483647;
			files = (
				411B3B18283E7B9E006EBC17 /* LaunchScreen.storyboard in Resources */,
				38151956284646E400F29C49 /* CatagoryCollectionViewCell.xib in Resources */,
				411B3B83283E7FA9006EBC17 /* CategoryVc.xib in Resources */,
				411B3B7F283E7F88006EBC17 /* HomeVc.xib in Resources */,
				11CE712A284FB10800B210C1 /* AddressCell.xib in Resources */,
				411B3B15283E7B9D006EBC17 /* Assets.xcassets in Resources */,
				11484F71284E3E1200C3C7A6 /* ProductDetailsVc.xib in Resources */,
				38151937284646C100F29C49 /* CartView.xib in Resources */,
				11CE4750284E2C1900C44471 /* ProductImageCellCollectionViewCell.xib in Resources */,
				11CE7122284F84AE00B210C1 /* AddAddress.xib in Resources */,
				418C3769283EB774007E9CAD /* EntryVc.xib in Resources */,
				11484F69284E3D6400C3C7A6 /* FavoriteViewController.xib in Resources */,
				3815192B2846468500F29C49 /* loginvc.xib in Resources */,
				11CE474D284E2C1900C44471 /* CartItem.xib in Resources */,
				114925B2284FFC4900F0489C /* AddressesTable.xib in Resources */,
				38151962284646E400F29C49 /* ProfileTableViewCell.xib in Resources */,
				411B3B87283E7FC5006EBC17 /* ProfileVc.xib in Resources */,
				3815195C284646E400F29C49 /* BrandsCollectionViewCell.xib in Resources */,
				38151940284646C100F29C49 /* registerVc.xib in Resources */,
			);
			runOnlyForDeploymentPostprocessing = 0;
		};
		411B3B1C283E7B9E006EBC17 /* Resources */ = {
			isa = PBXResourcesBuildPhase;
			buildActionMask = 2147483647;
			files = (
				38151957284646E400F29C49 /* CatagoryCollectionViewCell.xib in Resources */,
				38151941284646C100F29C49 /* registerVc.xib in Resources */,
				38151938284646C100F29C49 /* CartView.xib in Resources */,
				38151963284646E400F29C49 /* ProfileTableViewCell.xib in Resources */,
				3815195D284646E400F29C49 /* BrandsCollectionViewCell.xib in Resources */,
				3815192C2846468500F29C49 /* loginvc.xib in Resources */,
			);
			runOnlyForDeploymentPostprocessing = 0;
		};
		411B3B26283E7B9E006EBC17 /* Resources */ = {
			isa = PBXResourcesBuildPhase;
			buildActionMask = 2147483647;
			files = (
				38151958284646E400F29C49 /* CatagoryCollectionViewCell.xib in Resources */,
				38151942284646C100F29C49 /* registerVc.xib in Resources */,
				38151939284646C100F29C49 /* CartView.xib in Resources */,
				38151964284646E400F29C49 /* ProfileTableViewCell.xib in Resources */,
				3815195E284646E400F29C49 /* BrandsCollectionViewCell.xib in Resources */,
				3815192D2846468500F29C49 /* loginvc.xib in Resources */,
			);
			runOnlyForDeploymentPostprocessing = 0;
		};
/* End PBXResourcesBuildPhase section */

/* Begin PBXShellScriptBuildPhase section */
		4176A49C91B0DEC597DFE1A2 /* [CP] Check Pods Manifest.lock */ = {
			isa = PBXShellScriptBuildPhase;
			buildActionMask = 2147483647;
			files = (
			);
			inputFileListPaths = (
			);
			inputPaths = (
				"${PODS_PODFILE_DIR_PATH}/Podfile.lock",
				"${PODS_ROOT}/Manifest.lock",
			);
			name = "[CP] Check Pods Manifest.lock";
			outputFileListPaths = (
			);
			outputPaths = (
				"$(DERIVED_FILE_DIR)/Pods-Shop-checkManifestLockResult.txt",
			);
			runOnlyForDeploymentPostprocessing = 0;
			shellPath = /bin/sh;
			shellScript = "diff \"${PODS_PODFILE_DIR_PATH}/Podfile.lock\" \"${PODS_ROOT}/Manifest.lock\" > /dev/null\nif [ $? != 0 ] ; then\n    # print error to STDERR\n    echo \"error: The sandbox is not in sync with the Podfile.lock. Run 'pod install' or update your CocoaPods installation.\" >&2\n    exit 1\nfi\n# This output is used by Xcode 'outputs' to avoid re-running this script phase.\necho \"SUCCESS\" > \"${SCRIPT_OUTPUT_FILE_0}\"\n";
			showEnvVarsInLog = 0;
		};
		855C2F8ACE639E75BBBB3BDE /* [CP] Embed Pods Frameworks */ = {
			isa = PBXShellScriptBuildPhase;
			buildActionMask = 2147483647;
			files = (
			);
			inputFileListPaths = (
				"${PODS_ROOT}/Target Support Files/Pods-Shop-ShopUITests/Pods-Shop-ShopUITests-frameworks-${CONFIGURATION}-input-files.xcfilelist",
			);
			name = "[CP] Embed Pods Frameworks";
			outputFileListPaths = (
				"${PODS_ROOT}/Target Support Files/Pods-Shop-ShopUITests/Pods-Shop-ShopUITests-frameworks-${CONFIGURATION}-output-files.xcfilelist",
			);
			runOnlyForDeploymentPostprocessing = 0;
			shellPath = /bin/sh;
			shellScript = "\"${PODS_ROOT}/Target Support Files/Pods-Shop-ShopUITests/Pods-Shop-ShopUITests-frameworks.sh\"\n";
			showEnvVarsInLog = 0;
		};
		A6851545462ABC7DBC0AE7EE /* [CP] Check Pods Manifest.lock */ = {
			isa = PBXShellScriptBuildPhase;
			buildActionMask = 2147483647;
			files = (
			);
			inputFileListPaths = (
			);
			inputPaths = (
				"${PODS_PODFILE_DIR_PATH}/Podfile.lock",
				"${PODS_ROOT}/Manifest.lock",
			);
			name = "[CP] Check Pods Manifest.lock";
			outputFileListPaths = (
			);
			outputPaths = (
				"$(DERIVED_FILE_DIR)/Pods-Shop-ShopUITests-checkManifestLockResult.txt",
			);
			runOnlyForDeploymentPostprocessing = 0;
			shellPath = /bin/sh;
			shellScript = "diff \"${PODS_PODFILE_DIR_PATH}/Podfile.lock\" \"${PODS_ROOT}/Manifest.lock\" > /dev/null\nif [ $? != 0 ] ; then\n    # print error to STDERR\n    echo \"error: The sandbox is not in sync with the Podfile.lock. Run 'pod install' or update your CocoaPods installation.\" >&2\n    exit 1\nfi\n# This output is used by Xcode 'outputs' to avoid re-running this script phase.\necho \"SUCCESS\" > \"${SCRIPT_OUTPUT_FILE_0}\"\n";
			showEnvVarsInLog = 0;
		};
		D6952114A4AC9615BA2ED5AF /* [CP] Check Pods Manifest.lock */ = {
			isa = PBXShellScriptBuildPhase;
			buildActionMask = 2147483647;
			files = (
			);
			inputFileListPaths = (
			);
			inputPaths = (
				"${PODS_PODFILE_DIR_PATH}/Podfile.lock",
				"${PODS_ROOT}/Manifest.lock",
			);
			name = "[CP] Check Pods Manifest.lock";
			outputFileListPaths = (
			);
			outputPaths = (
				"$(DERIVED_FILE_DIR)/Pods-ShopTests-checkManifestLockResult.txt",
			);
			runOnlyForDeploymentPostprocessing = 0;
			shellPath = /bin/sh;
			shellScript = "diff \"${PODS_PODFILE_DIR_PATH}/Podfile.lock\" \"${PODS_ROOT}/Manifest.lock\" > /dev/null\nif [ $? != 0 ] ; then\n    # print error to STDERR\n    echo \"error: The sandbox is not in sync with the Podfile.lock. Run 'pod install' or update your CocoaPods installation.\" >&2\n    exit 1\nfi\n# This output is used by Xcode 'outputs' to avoid re-running this script phase.\necho \"SUCCESS\" > \"${SCRIPT_OUTPUT_FILE_0}\"\n";
			showEnvVarsInLog = 0;
		};
		EDD81317845CA6B5F8A7FB5C /* [CP] Embed Pods Frameworks */ = {
			isa = PBXShellScriptBuildPhase;
			buildActionMask = 2147483647;
			files = (
			);
			inputFileListPaths = (
				"${PODS_ROOT}/Target Support Files/Pods-Shop/Pods-Shop-frameworks-${CONFIGURATION}-input-files.xcfilelist",
			);
			name = "[CP] Embed Pods Frameworks";
			outputFileListPaths = (
				"${PODS_ROOT}/Target Support Files/Pods-Shop/Pods-Shop-frameworks-${CONFIGURATION}-output-files.xcfilelist",
			);
			runOnlyForDeploymentPostprocessing = 0;
			shellPath = /bin/sh;
			shellScript = "\"${PODS_ROOT}/Target Support Files/Pods-Shop/Pods-Shop-frameworks.sh\"\n";
			showEnvVarsInLog = 0;
		};
/* End PBXShellScriptBuildPhase section */

/* Begin PBXSourcesBuildPhase section */
		411B3B01283E7B9C006EBC17 /* Sources */ = {
			isa = PBXSourcesBuildPhase;
			buildActionMask = 2147483647;
			files = (
				411B3B82283E7FA9006EBC17 /* CategoryVc.swift in Sources */,
				418C3768283EB774007E9CAD /* EntryVc.swift in Sources */,
				38151959284646E400F29C49 /* BrandsCollectionViewCell.swift in Sources */,
				11CE4744284E2B8200C44471 /* BrandsViewModel.swift in Sources */,
				411B3B09283E7B9C006EBC17 /* AppDelegate.swift in Sources */,
				3815193D284646C100F29C49 /* registerVc.swift in Sources */,
				11CE4745284E2B8200C44471 /* FavoriteViewModel.swift in Sources */,
				3815193A284646C100F29C49 /* CartView.swift in Sources */,
				381519672846491200F29C49 /* SmartCollection.swift in Sources */,
				114925B72850028100F0489C /* Address.swift in Sources */,
				411B3B0B283E7B9C006EBC17 /* SceneDelegate.swift in Sources */,
				11E19AAA2850D5D300D10C6F /* AddressViewModel.swift in Sources */,
				11484F68284E3D6300C3C7A6 /* FavoriteViewController.swift in Sources */,
				11484F70284E3E1200C3C7A6 /* ProductDetailsVc.swift in Sources */,
				38151953284646E400F29C49 /* CatagoryCollectionViewCell.swift in Sources */,
				411B3B8D283E82B2006EBC17 /* URLs.swift in Sources */,
				11CE473B284E2B6800C44471 /* CoreDataManager.swift in Sources */,
				411B3B86283E7FC5006EBC17 /* ProfileVc.swift in Sources */,
				11CE4746284E2B8200C44471 /* ShopingModelView.swift in Sources */,
				3855960B28454A3C00A56C78 /* NetworkService.swift in Sources */,
				11CE7121284F84AE00B210C1 /* AddAddress.swift in Sources */,
				11CE474F284E2C1900C44471 /* ProductImageCellCollectionViewCell.swift in Sources */,
				1166CA24283EADB60036648C /* UITableView.swift in Sources */,
				114925B1284FFC4900F0489C /* AddressesTable.swift in Sources */,
				411B3B7E283E7F88006EBC17 /* HomeVc.swift in Sources */,
				3855960D28454A3C00A56C78 /* Collections.swift in Sources */,
				381519282846468500F29C49 /* loginvc.swift in Sources */,
				3815195F284646E400F29C49 /* ProfileTableViewCell.swift in Sources */,
				411B3B97283E83C9006EBC17 /* UIImage.swift in Sources */,
				11CE7129284FB10800B210C1 /* AddressCell.swift in Sources */,
				411B3B7B283E7F3E006EBC17 /* MyTabBar.swift in Sources */,
				411B3B13283E7B9C006EBC17 /* Shop.xcdatamodeld in Sources */,
				114925BC285007F000F0489C /* Encodable.swift in Sources */,
				11CE474E284E2C1900C44471 /* CartItem.swift in Sources */,
				11E19AA52850D53800D10C6F /* UserDefaolts.swift in Sources */,
				1166CA1F283EAD260036648C /* Porduct.swift in Sources */,
			);
			runOnlyForDeploymentPostprocessing = 0;
		};
		411B3B1A283E7B9E006EBC17 /* Sources */ = {
			isa = PBXSourcesBuildPhase;
			buildActionMask = 2147483647;
			files = (
				3815195A284646E400F29C49 /* BrandsCollectionViewCell.swift in Sources */,
				38151960284646E400F29C49 /* ProfileTableViewCell.swift in Sources */,
				3815193B284646C100F29C49 /* CartView.swift in Sources */,
				381519682846491200F29C49 /* SmartCollection.swift in Sources */,
				3815193E284646C100F29C49 /* registerVc.swift in Sources */,
				381519292846468500F29C49 /* loginvc.swift in Sources */,
				38151954284646E400F29C49 /* CatagoryCollectionViewCell.swift in Sources */,
				411B3B23283E7B9E006EBC17 /* ShopTests.swift in Sources */,
			);
			runOnlyForDeploymentPostprocessing = 0;
		};
		411B3B24283E7B9E006EBC17 /* Sources */ = {
			isa = PBXSourcesBuildPhase;
			buildActionMask = 2147483647;
			files = (
				411B3B2F283E7B9E006EBC17 /* ShopUITestsLaunchTests.swift in Sources */,
				3815195B284646E400F29C49 /* BrandsCollectionViewCell.swift in Sources */,
				38151961284646E400F29C49 /* ProfileTableViewCell.swift in Sources */,
				411B3B2D283E7B9E006EBC17 /* ShopUITests.swift in Sources */,
				3815193C284646C100F29C49 /* CartView.swift in Sources */,
				38151955284646E400F29C49 /* CatagoryCollectionViewCell.swift in Sources */,
				3815193F284646C100F29C49 /* registerVc.swift in Sources */,
				3815192A2846468500F29C49 /* loginvc.swift in Sources */,
			);
			runOnlyForDeploymentPostprocessing = 0;
		};
/* End PBXSourcesBuildPhase section */

/* Begin PBXTargetDependency section */
		411B3B20283E7B9E006EBC17 /* PBXTargetDependency */ = {
			isa = PBXTargetDependency;
			target = 411B3B04283E7B9C006EBC17 /* Shop */;
			targetProxy = 411B3B1F283E7B9E006EBC17 /* PBXContainerItemProxy */;
		};
		411B3B2A283E7B9E006EBC17 /* PBXTargetDependency */ = {
			isa = PBXTargetDependency;
			target = 411B3B04283E7B9C006EBC17 /* Shop */;
			targetProxy = 411B3B29283E7B9E006EBC17 /* PBXContainerItemProxy */;
		};
/* End PBXTargetDependency section */

/* Begin PBXVariantGroup section */
		411B3B16283E7B9E006EBC17 /* LaunchScreen.storyboard */ = {
			isa = PBXVariantGroup;
			children = (
				411B3B17283E7B9E006EBC17 /* Base */,
			);
			name = LaunchScreen.storyboard;
			sourceTree = "<group>";
		};
/* End PBXVariantGroup section */

/* Begin XCBuildConfiguration section */
		411B3B30283E7B9E006EBC17 /* Debug */ = {
			isa = XCBuildConfiguration;
			buildSettings = {
				ALWAYS_SEARCH_USER_PATHS = NO;
				CLANG_ANALYZER_NONNULL = YES;
				CLANG_ANALYZER_NUMBER_OBJECT_CONVERSION = YES_AGGRESSIVE;
				CLANG_CXX_LANGUAGE_STANDARD = "gnu++17";
				CLANG_ENABLE_MODULES = YES;
				CLANG_ENABLE_OBJC_ARC = YES;
				CLANG_ENABLE_OBJC_WEAK = YES;
				CLANG_WARN_BLOCK_CAPTURE_AUTORELEASING = YES;
				CLANG_WARN_BOOL_CONVERSION = YES;
				CLANG_WARN_COMMA = YES;
				CLANG_WARN_CONSTANT_CONVERSION = YES;
				CLANG_WARN_DEPRECATED_OBJC_IMPLEMENTATIONS = YES;
				CLANG_WARN_DIRECT_OBJC_ISA_USAGE = YES_ERROR;
				CLANG_WARN_DOCUMENTATION_COMMENTS = YES;
				CLANG_WARN_EMPTY_BODY = YES;
				CLANG_WARN_ENUM_CONVERSION = YES;
				CLANG_WARN_INFINITE_RECURSION = YES;
				CLANG_WARN_INT_CONVERSION = YES;
				CLANG_WARN_NON_LITERAL_NULL_CONVERSION = YES;
				CLANG_WARN_OBJC_IMPLICIT_RETAIN_SELF = YES;
				CLANG_WARN_OBJC_LITERAL_CONVERSION = YES;
				CLANG_WARN_OBJC_ROOT_CLASS = YES_ERROR;
				CLANG_WARN_QUOTED_INCLUDE_IN_FRAMEWORK_HEADER = YES;
				CLANG_WARN_RANGE_LOOP_ANALYSIS = YES;
				CLANG_WARN_STRICT_PROTOTYPES = YES;
				CLANG_WARN_SUSPICIOUS_MOVE = YES;
				CLANG_WARN_UNGUARDED_AVAILABILITY = YES_AGGRESSIVE;
				CLANG_WARN_UNREACHABLE_CODE = YES;
				CLANG_WARN__DUPLICATE_METHOD_MATCH = YES;
				COPY_PHASE_STRIP = NO;
				DEBUG_INFORMATION_FORMAT = dwarf;
				ENABLE_STRICT_OBJC_MSGSEND = YES;
				ENABLE_TESTABILITY = YES;
				GCC_C_LANGUAGE_STANDARD = gnu11;
				GCC_DYNAMIC_NO_PIC = NO;
				GCC_NO_COMMON_BLOCKS = YES;
				GCC_OPTIMIZATION_LEVEL = 0;
				GCC_PREPROCESSOR_DEFINITIONS = (
					"DEBUG=1",
					"$(inherited)",
				);
				GCC_WARN_64_TO_32_BIT_CONVERSION = YES;
				GCC_WARN_ABOUT_RETURN_TYPE = YES_ERROR;
				GCC_WARN_UNDECLARED_SELECTOR = YES;
				GCC_WARN_UNINITIALIZED_AUTOS = YES_AGGRESSIVE;
				GCC_WARN_UNUSED_FUNCTION = YES;
				GCC_WARN_UNUSED_VARIABLE = YES;
				IPHONEOS_DEPLOYMENT_TARGET = 12.0;
				MTL_ENABLE_DEBUG_INFO = INCLUDE_SOURCE;
				MTL_FAST_MATH = YES;
				ONLY_ACTIVE_ARCH = YES;
				SDKROOT = iphoneos;
				SWIFT_ACTIVE_COMPILATION_CONDITIONS = DEBUG;
				SWIFT_OPTIMIZATION_LEVEL = "-Onone";
			};
			name = Debug;
		};
		411B3B31283E7B9E006EBC17 /* Release */ = {
			isa = XCBuildConfiguration;
			buildSettings = {
				ALWAYS_SEARCH_USER_PATHS = NO;
				CLANG_ANALYZER_NONNULL = YES;
				CLANG_ANALYZER_NUMBER_OBJECT_CONVERSION = YES_AGGRESSIVE;
				CLANG_CXX_LANGUAGE_STANDARD = "gnu++17";
				CLANG_ENABLE_MODULES = YES;
				CLANG_ENABLE_OBJC_ARC = YES;
				CLANG_ENABLE_OBJC_WEAK = YES;
				CLANG_WARN_BLOCK_CAPTURE_AUTORELEASING = YES;
				CLANG_WARN_BOOL_CONVERSION = YES;
				CLANG_WARN_COMMA = YES;
				CLANG_WARN_CONSTANT_CONVERSION = YES;
				CLANG_WARN_DEPRECATED_OBJC_IMPLEMENTATIONS = YES;
				CLANG_WARN_DIRECT_OBJC_ISA_USAGE = YES_ERROR;
				CLANG_WARN_DOCUMENTATION_COMMENTS = YES;
				CLANG_WARN_EMPTY_BODY = YES;
				CLANG_WARN_ENUM_CONVERSION = YES;
				CLANG_WARN_INFINITE_RECURSION = YES;
				CLANG_WARN_INT_CONVERSION = YES;
				CLANG_WARN_NON_LITERAL_NULL_CONVERSION = YES;
				CLANG_WARN_OBJC_IMPLICIT_RETAIN_SELF = YES;
				CLANG_WARN_OBJC_LITERAL_CONVERSION = YES;
				CLANG_WARN_OBJC_ROOT_CLASS = YES_ERROR;
				CLANG_WARN_QUOTED_INCLUDE_IN_FRAMEWORK_HEADER = YES;
				CLANG_WARN_RANGE_LOOP_ANALYSIS = YES;
				CLANG_WARN_STRICT_PROTOTYPES = YES;
				CLANG_WARN_SUSPICIOUS_MOVE = YES;
				CLANG_WARN_UNGUARDED_AVAILABILITY = YES_AGGRESSIVE;
				CLANG_WARN_UNREACHABLE_CODE = YES;
				CLANG_WARN__DUPLICATE_METHOD_MATCH = YES;
				COPY_PHASE_STRIP = NO;
				DEBUG_INFORMATION_FORMAT = "dwarf-with-dsym";
				ENABLE_NS_ASSERTIONS = NO;
				ENABLE_STRICT_OBJC_MSGSEND = YES;
				GCC_C_LANGUAGE_STANDARD = gnu11;
				GCC_NO_COMMON_BLOCKS = YES;
				GCC_WARN_64_TO_32_BIT_CONVERSION = YES;
				GCC_WARN_ABOUT_RETURN_TYPE = YES_ERROR;
				GCC_WARN_UNDECLARED_SELECTOR = YES;
				GCC_WARN_UNINITIALIZED_AUTOS = YES_AGGRESSIVE;
				GCC_WARN_UNUSED_FUNCTION = YES;
				GCC_WARN_UNUSED_VARIABLE = YES;
				IPHONEOS_DEPLOYMENT_TARGET = 12.0;
				MTL_ENABLE_DEBUG_INFO = NO;
				MTL_FAST_MATH = YES;
				SDKROOT = iphoneos;
				SWIFT_COMPILATION_MODE = wholemodule;
				SWIFT_OPTIMIZATION_LEVEL = "-O";
				VALIDATE_PRODUCT = YES;
			};
			name = Release;
		};
		411B3B33283E7B9E006EBC17 /* Debug */ = {
			isa = XCBuildConfiguration;
			baseConfigurationReference = 2C6AEE9FBB2C3A476FB2DD57 /* Pods-Shop.debug.xcconfig */;
			buildSettings = {
				ASSETCATALOG_COMPILER_APPICON_NAME = AppIcon;
				ASSETCATALOG_COMPILER_GLOBAL_ACCENT_COLOR_NAME = AccentColor;
				CODE_SIGN_STYLE = Automatic;
				CURRENT_PROJECT_VERSION = 1;
				GENERATE_INFOPLIST_FILE = YES;
				INFOPLIST_FILE = Shop/Info.plist;
				INFOPLIST_KEY_NSMainNibFile = EntryVc;
				INFOPLIST_KEY_UIApplicationSupportsIndirectInputEvents = YES;
				INFOPLIST_KEY_UILaunchStoryboardName = LaunchScreen;
				INFOPLIST_KEY_UISupportedInterfaceOrientations_iPad = "UIInterfaceOrientationPortrait UIInterfaceOrientationPortraitUpsideDown UIInterfaceOrientationLandscapeLeft UIInterfaceOrientationLandscapeRight";
				INFOPLIST_KEY_UISupportedInterfaceOrientations_iPhone = "UIInterfaceOrientationPortrait UIInterfaceOrientationLandscapeLeft UIInterfaceOrientationLandscapeRight";
				IPHONEOS_DEPLOYMENT_TARGET = 12.0;
				LD_RUNPATH_SEARCH_PATHS = (
					"$(inherited)",
					"@executable_path/Frameworks",
				);
				MARKETING_VERSION = 1.0;
				PRODUCT_BUNDLE_IDENTIFIER = iti.Shop;
				PRODUCT_NAME = "$(TARGET_NAME)";
				SWIFT_EMIT_LOC_STRINGS = YES;
				SWIFT_VERSION = 5.0;
				TARGETED_DEVICE_FAMILY = 1;
			};
			name = Debug;
		};
		411B3B34283E7B9E006EBC17 /* Release */ = {
			isa = XCBuildConfiguration;
			baseConfigurationReference = D207FBBEA01CC1110962E4FA /* Pods-Shop.release.xcconfig */;
			buildSettings = {
				ASSETCATALOG_COMPILER_APPICON_NAME = AppIcon;
				ASSETCATALOG_COMPILER_GLOBAL_ACCENT_COLOR_NAME = AccentColor;
				CODE_SIGN_STYLE = Automatic;
				CURRENT_PROJECT_VERSION = 1;
				GENERATE_INFOPLIST_FILE = YES;
				INFOPLIST_FILE = Shop/Info.plist;
				INFOPLIST_KEY_NSMainNibFile = EntryVc;
				INFOPLIST_KEY_UIApplicationSupportsIndirectInputEvents = YES;
				INFOPLIST_KEY_UILaunchStoryboardName = LaunchScreen;
				INFOPLIST_KEY_UISupportedInterfaceOrientations_iPad = "UIInterfaceOrientationPortrait UIInterfaceOrientationPortraitUpsideDown UIInterfaceOrientationLandscapeLeft UIInterfaceOrientationLandscapeRight";
				INFOPLIST_KEY_UISupportedInterfaceOrientations_iPhone = "UIInterfaceOrientationPortrait UIInterfaceOrientationLandscapeLeft UIInterfaceOrientationLandscapeRight";
				IPHONEOS_DEPLOYMENT_TARGET = 12.0;
				LD_RUNPATH_SEARCH_PATHS = (
					"$(inherited)",
					"@executable_path/Frameworks",
				);
				MARKETING_VERSION = 1.0;
				PRODUCT_BUNDLE_IDENTIFIER = iti.Shop;
				PRODUCT_NAME = "$(TARGET_NAME)";
				SWIFT_EMIT_LOC_STRINGS = YES;
				SWIFT_VERSION = 5.0;
				TARGETED_DEVICE_FAMILY = 1;
			};
			name = Release;
		};
		411B3B36283E7B9E006EBC17 /* Debug */ = {
			isa = XCBuildConfiguration;
			baseConfigurationReference = B2D42EE20C2249B68074B37E /* Pods-ShopTests.debug.xcconfig */;
			buildSettings = {
				ALWAYS_EMBED_SWIFT_STANDARD_LIBRARIES = YES;
				BUNDLE_LOADER = "$(TEST_HOST)";
				CODE_SIGN_STYLE = Automatic;
				CURRENT_PROJECT_VERSION = 1;
				GENERATE_INFOPLIST_FILE = YES;
				IPHONEOS_DEPLOYMENT_TARGET = 15.4;
				MARKETING_VERSION = 1.0;
				PRODUCT_BUNDLE_IDENTIFIER = iti.ShopTests;
				PRODUCT_NAME = "$(TARGET_NAME)";
				SWIFT_EMIT_LOC_STRINGS = NO;
				SWIFT_VERSION = 5.0;
				TARGETED_DEVICE_FAMILY = "1,2";
				TEST_HOST = "$(BUILT_PRODUCTS_DIR)/Shop.app/Shop";
			};
			name = Debug;
		};
		411B3B37283E7B9E006EBC17 /* Release */ = {
			isa = XCBuildConfiguration;
			baseConfigurationReference = 88AA3139D61F43750990ED03 /* Pods-ShopTests.release.xcconfig */;
			buildSettings = {
				ALWAYS_EMBED_SWIFT_STANDARD_LIBRARIES = YES;
				BUNDLE_LOADER = "$(TEST_HOST)";
				CODE_SIGN_STYLE = Automatic;
				CURRENT_PROJECT_VERSION = 1;
				GENERATE_INFOPLIST_FILE = YES;
				IPHONEOS_DEPLOYMENT_TARGET = 15.4;
				MARKETING_VERSION = 1.0;
				PRODUCT_BUNDLE_IDENTIFIER = iti.ShopTests;
				PRODUCT_NAME = "$(TARGET_NAME)";
				SWIFT_EMIT_LOC_STRINGS = NO;
				SWIFT_VERSION = 5.0;
				TARGETED_DEVICE_FAMILY = "1,2";
				TEST_HOST = "$(BUILT_PRODUCTS_DIR)/Shop.app/Shop";
			};
			name = Release;
		};
		411B3B39283E7B9E006EBC17 /* Debug */ = {
			isa = XCBuildConfiguration;
			baseConfigurationReference = 7693154AD6607F0C6D99A5DC /* Pods-Shop-ShopUITests.debug.xcconfig */;
			buildSettings = {
				ALWAYS_EMBED_SWIFT_STANDARD_LIBRARIES = YES;
				CODE_SIGN_STYLE = Automatic;
				CURRENT_PROJECT_VERSION = 1;
				GENERATE_INFOPLIST_FILE = YES;
				MARKETING_VERSION = 1.0;
				PRODUCT_BUNDLE_IDENTIFIER = iti.ShopUITests;
				PRODUCT_NAME = "$(TARGET_NAME)";
				SWIFT_EMIT_LOC_STRINGS = NO;
				SWIFT_VERSION = 5.0;
				TARGETED_DEVICE_FAMILY = "1,2";
				TEST_TARGET_NAME = Shop;
			};
			name = Debug;
		};
		411B3B3A283E7B9E006EBC17 /* Release */ = {
			isa = XCBuildConfiguration;
			baseConfigurationReference = B79FC3E74CE618F980448B79 /* Pods-Shop-ShopUITests.release.xcconfig */;
			buildSettings = {
				ALWAYS_EMBED_SWIFT_STANDARD_LIBRARIES = YES;
				CODE_SIGN_STYLE = Automatic;
				CURRENT_PROJECT_VERSION = 1;
				GENERATE_INFOPLIST_FILE = YES;
				MARKETING_VERSION = 1.0;
				PRODUCT_BUNDLE_IDENTIFIER = iti.ShopUITests;
				PRODUCT_NAME = "$(TARGET_NAME)";
				SWIFT_EMIT_LOC_STRINGS = NO;
				SWIFT_VERSION = 5.0;
				TARGETED_DEVICE_FAMILY = "1,2";
				TEST_TARGET_NAME = Shop;
			};
			name = Release;
		};
/* End XCBuildConfiguration section */

/* Begin XCConfigurationList section */
		411B3B00283E7B9C006EBC17 /* Build configuration list for PBXProject "Shop" */ = {
			isa = XCConfigurationList;
			buildConfigurations = (
				411B3B30283E7B9E006EBC17 /* Debug */,
				411B3B31283E7B9E006EBC17 /* Release */,
			);
			defaultConfigurationIsVisible = 0;
			defaultConfigurationName = Release;
		};
		411B3B32283E7B9E006EBC17 /* Build configuration list for PBXNativeTarget "Shop" */ = {
			isa = XCConfigurationList;
			buildConfigurations = (
				411B3B33283E7B9E006EBC17 /* Debug */,
				411B3B34283E7B9E006EBC17 /* Release */,
			);
			defaultConfigurationIsVisible = 0;
			defaultConfigurationName = Release;
		};
		411B3B35283E7B9E006EBC17 /* Build configuration list for PBXNativeTarget "ShopTests" */ = {
			isa = XCConfigurationList;
			buildConfigurations = (
				411B3B36283E7B9E006EBC17 /* Debug */,
				411B3B37283E7B9E006EBC17 /* Release */,
			);
			defaultConfigurationIsVisible = 0;
			defaultConfigurationName = Release;
		};
		411B3B38283E7B9E006EBC17 /* Build configuration list for PBXNativeTarget "ShopUITests" */ = {
			isa = XCConfigurationList;
			buildConfigurations = (
				411B3B39283E7B9E006EBC17 /* Debug */,
				411B3B3A283E7B9E006EBC17 /* Release */,
			);
			defaultConfigurationIsVisible = 0;
			defaultConfigurationName = Release;
		};
/* End XCConfigurationList section */

/* Begin XCVersionGroup section */
		411B3B11283E7B9C006EBC17 /* Shop.xcdatamodeld */ = {
			isa = XCVersionGroup;
			children = (
				411B3B12283E7B9C006EBC17 /* Shop.xcdatamodel */,
			);
			currentVersion = 411B3B12283E7B9C006EBC17 /* Shop.xcdatamodel */;
			path = Shop.xcdatamodeld;
			sourceTree = "<group>";
			versionGroupType = wrapper.xcdatamodel;
		};
/* End XCVersionGroup section */
	};
	rootObject = 411B3AFD283E7B9C006EBC17 /* Project object */;
}
