// !$*UTF8*$!
{
	archiveVersion = 1;
	classes = {
	};
	objectVersion = 54;
	objects = {

/* Begin PBXBuildFile section */
		1166CA17283EA6C90036648C /* CartItem.swift in Sources */ = {isa = PBXBuildFile; fileRef = 1166CA15283EA6C90036648C /* CartItem.swift */; };
		1166CA18283EA6C90036648C /* CartItem.xib in Resources */ = {isa = PBXBuildFile; fileRef = 1166CA16283EA6C90036648C /* CartItem.xib */; };
		1166CA1F283EAD260036648C /* Porduct.swift in Sources */ = {isa = PBXBuildFile; fileRef = 1166CA1E283EAD260036648C /* Porduct.swift */; };
		1166CA24283EADB60036648C /* UITableView.swift in Sources */ = {isa = PBXBuildFile; fileRef = 1166CA23283EADB60036648C /* UITableView.swift */; };
		1166CA2E283EB1170036648C /* CartView.swift in Sources */ = {isa = PBXBuildFile; fileRef = 1166CA2C283EB1170036648C /* CartView.swift */; };
		1166CA2F283EB1170036648C /* CartView.xib in Resources */ = {isa = PBXBuildFile; fileRef = 1166CA2D283EB1170036648C /* CartView.xib */; };
		411B3B09283E7B9C006EBC17 /* AppDelegate.swift in Sources */ = {isa = PBXBuildFile; fileRef = 411B3B08283E7B9C006EBC17 /* AppDelegate.swift */; };
		411B3B0B283E7B9C006EBC17 /* SceneDelegate.swift in Sources */ = {isa = PBXBuildFile; fileRef = 411B3B0A283E7B9C006EBC17 /* SceneDelegate.swift */; };
		411B3B13283E7B9C006EBC17 /* Shop.xcdatamodeld in Sources */ = {isa = PBXBuildFile; fileRef = 411B3B11283E7B9C006EBC17 /* Shop.xcdatamodeld */; };
		411B3B15283E7B9D006EBC17 /* Assets.xcassets in Resources */ = {isa = PBXBuildFile; fileRef = 411B3B14283E7B9D006EBC17 /* Assets.xcassets */; };
		411B3B18283E7B9E006EBC17 /* LaunchScreen.storyboard in Resources */ = {isa = PBXBuildFile; fileRef = 411B3B16283E7B9E006EBC17 /* LaunchScreen.storyboard */; };
		411B3B23283E7B9E006EBC17 /* ShopTests.swift in Sources */ = {isa = PBXBuildFile; fileRef = 411B3B22283E7B9E006EBC17 /* ShopTests.swift */; };
		411B3B2D283E7B9E006EBC17 /* ShopUITests.swift in Sources */ = {isa = PBXBuildFile; fileRef = 411B3B2C283E7B9E006EBC17 /* ShopUITests.swift */; };
		411B3B2F283E7B9E006EBC17 /* ShopUITestsLaunchTests.swift in Sources */ = {isa = PBXBuildFile; fileRef = 411B3B2E283E7B9E006EBC17 /* ShopUITestsLaunchTests.swift */; };
		411B3B7B283E7F3E006EBC17 /* MyTabBar.swift in Sources */ = {isa = PBXBuildFile; fileRef = 411B3B7A283E7F3E006EBC17 /* MyTabBar.swift */; };
		411B3B7E283E7F88006EBC17 /* HomeVc.swift in Sources */ = {isa = PBXBuildFile; fileRef = 411B3B7C283E7F88006EBC17 /* HomeVc.swift */; };
		411B3B7F283E7F88006EBC17 /* HomeVc.xib in Resources */ = {isa = PBXBuildFile; fileRef = 411B3B7D283E7F88006EBC17 /* HomeVc.xib */; };
		411B3B82283E7FA9006EBC17 /* CategoryVc.swift in Sources */ = {isa = PBXBuildFile; fileRef = 411B3B80283E7FA9006EBC17 /* CategoryVc.swift */; };
		411B3B83283E7FA9006EBC17 /* CategoryVc.xib in Resources */ = {isa = PBXBuildFile; fileRef = 411B3B81283E7FA9006EBC17 /* CategoryVc.xib */; };
		411B3B86283E7FC5006EBC17 /* ProfileVc.swift in Sources */ = {isa = PBXBuildFile; fileRef = 411B3B84283E7FC5006EBC17 /* ProfileVc.swift */; };
		411B3B87283E7FC5006EBC17 /* ProfileVc.xib in Resources */ = {isa = PBXBuildFile; fileRef = 411B3B85283E7FC5006EBC17 /* ProfileVc.xib */; };
		411B3B8D283E82B2006EBC17 /* URLs.swift in Sources */ = {isa = PBXBuildFile; fileRef = 411B3B8C283E82B2006EBC17 /* URLs.swift */; };
		411B3B97283E83C9006EBC17 /* UIImage.swift in Sources */ = {isa = PBXBuildFile; fileRef = 411B3B96283E83C9006EBC17 /* UIImage.swift */; };
		91CA100865EE1BF7AF7AE5CC /* Pods_Shop.framework in Frameworks */ = {isa = PBXBuildFile; fileRef = 45022AB5F80D4BF3E4EE5602 /* Pods_Shop.framework */; };
/* End PBXBuildFile section */

/* Begin PBXContainerItemProxy section */
		411B3B1F283E7B9E006EBC17 /* PBXContainerItemProxy */ = {
			isa = PBXContainerItemProxy;
			containerPortal = 411B3AFD283E7B9C006EBC17 /* Project object */;
			proxyType = 1;
			remoteGlobalIDString = 411B3B04283E7B9C006EBC17;
			remoteInfo = Shop;
		};
		411B3B29283E7B9E006EBC17 /* PBXContainerItemProxy */ = {
			isa = PBXContainerItemProxy;
			containerPortal = 411B3AFD283E7B9C006EBC17 /* Project object */;
			proxyType = 1;
			remoteGlobalIDString = 411B3B04283E7B9C006EBC17;
			remoteInfo = Shop;
		};
/* End PBXContainerItemProxy section */

/* Begin PBXFileReference section */
		1166CA15283EA6C90036648C /* CartItem.swift */ = {isa = PBXFileReference; lastKnownFileType = sourcecode.swift; path = CartItem.swift; sourceTree = "<group>"; };
		1166CA16283EA6C90036648C /* CartItem.xib */ = {isa = PBXFileReference; lastKnownFileType = file.xib; path = CartItem.xib; sourceTree = "<group>"; };
		1166CA1E283EAD260036648C /* Porduct.swift */ = {isa = PBXFileReference; lastKnownFileType = sourcecode.swift; path = Porduct.swift; sourceTree = "<group>"; };
		1166CA23283EADB60036648C /* UITableView.swift */ = {isa = PBXFileReference; lastKnownFileType = sourcecode.swift; path = UITableView.swift; sourceTree = "<group>"; };
		1166CA2C283EB1170036648C /* CartView.swift */ = {isa = PBXFileReference; lastKnownFileType = sourcecode.swift; path = CartView.swift; sourceTree = "<group>"; };
		1166CA2D283EB1170036648C /* CartView.xib */ = {isa = PBXFileReference; lastKnownFileType = file.xib; path = CartView.xib; sourceTree = "<group>"; };
		184FBA5037E28EBDFAC904F0 /* Pods-Shop.release.xcconfig */ = {isa = PBXFileReference; includeInIndex = 1; lastKnownFileType = text.xcconfig; name = "Pods-Shop.release.xcconfig"; path = "Target Support Files/Pods-Shop/Pods-Shop.release.xcconfig"; sourceTree = "<group>"; };
		411B3B05283E7B9C006EBC17 /* Shop.app */ = {isa = PBXFileReference; explicitFileType = wrapper.application; includeInIndex = 0; path = Shop.app; sourceTree = BUILT_PRODUCTS_DIR; };
		411B3B08283E7B9C006EBC17 /* AppDelegate.swift */ = {isa = PBXFileReference; lastKnownFileType = sourcecode.swift; path = AppDelegate.swift; sourceTree = "<group>"; };
		411B3B0A283E7B9C006EBC17 /* SceneDelegate.swift */ = {isa = PBXFileReference; lastKnownFileType = sourcecode.swift; path = SceneDelegate.swift; sourceTree = "<group>"; };
		411B3B12283E7B9C006EBC17 /* Shop.xcdatamodel */ = {isa = PBXFileReference; lastKnownFileType = wrapper.xcdatamodel; path = Shop.xcdatamodel; sourceTree = "<group>"; };
		411B3B14283E7B9D006EBC17 /* Assets.xcassets */ = {isa = PBXFileReference; lastKnownFileType = folder.assetcatalog; path = Assets.xcassets; sourceTree = "<group>"; };
		411B3B17283E7B9E006EBC17 /* Base */ = {isa = PBXFileReference; lastKnownFileType = file.storyboard; name = Base; path = Base.lproj/LaunchScreen.storyboard; sourceTree = "<group>"; };
		411B3B19283E7B9E006EBC17 /* Info.plist */ = {isa = PBXFileReference; lastKnownFileType = text.plist.xml; path = Info.plist; sourceTree = "<group>"; };
		411B3B1E283E7B9E006EBC17 /* ShopTests.xctest */ = {isa = PBXFileReference; explicitFileType = wrapper.cfbundle; includeInIndex = 0; path = ShopTests.xctest; sourceTree = BUILT_PRODUCTS_DIR; };
		411B3B22283E7B9E006EBC17 /* ShopTests.swift */ = {isa = PBXFileReference; lastKnownFileType = sourcecode.swift; path = ShopTests.swift; sourceTree = "<group>"; };
		411B3B28283E7B9E006EBC17 /* ShopUITests.xctest */ = {isa = PBXFileReference; explicitFileType = wrapper.cfbundle; includeInIndex = 0; path = ShopUITests.xctest; sourceTree = BUILT_PRODUCTS_DIR; };
		411B3B2C283E7B9E006EBC17 /* ShopUITests.swift */ = {isa = PBXFileReference; lastKnownFileType = sourcecode.swift; path = ShopUITests.swift; sourceTree = "<group>"; };
		411B3B2E283E7B9E006EBC17 /* ShopUITestsLaunchTests.swift */ = {isa = PBXFileReference; lastKnownFileType = sourcecode.swift; path = ShopUITestsLaunchTests.swift; sourceTree = "<group>"; };
		411B3B7A283E7F3E006EBC17 /* MyTabBar.swift */ = {isa = PBXFileReference; lastKnownFileType = sourcecode.swift; path = MyTabBar.swift; sourceTree = "<group>"; };
		411B3B7C283E7F88006EBC17 /* HomeVc.swift */ = {isa = PBXFileReference; lastKnownFileType = sourcecode.swift; path = HomeVc.swift; sourceTree = "<group>"; };
		411B3B7D283E7F88006EBC17 /* HomeVc.xib */ = {isa = PBXFileReference; lastKnownFileType = file.xib; path = HomeVc.xib; sourceTree = "<group>"; };
		411B3B80283E7FA9006EBC17 /* CategoryVc.swift */ = {isa = PBXFileReference; lastKnownFileType = sourcecode.swift; path = CategoryVc.swift; sourceTree = "<group>"; };
		411B3B81283E7FA9006EBC17 /* CategoryVc.xib */ = {isa = PBXFileReference; lastKnownFileType = file.xib; path = CategoryVc.xib; sourceTree = "<group>"; };
		411B3B84283E7FC5006EBC17 /* ProfileVc.swift */ = {isa = PBXFileReference; lastKnownFileType = sourcecode.swift; path = ProfileVc.swift; sourceTree = "<group>"; };
		411B3B85283E7FC5006EBC17 /* ProfileVc.xib */ = {isa = PBXFileReference; lastKnownFileType = file.xib; path = ProfileVc.xib; sourceTree = "<group>"; };
		411B3B8C283E82B2006EBC17 /* URLs.swift */ = {isa = PBXFileReference; lastKnownFileType = sourcecode.swift; path = URLs.swift; sourceTree = "<group>"; };
		411B3B96283E83C9006EBC17 /* UIImage.swift */ = {isa = PBXFileReference; lastKnownFileType = sourcecode.swift; path = UIImage.swift; sourceTree = "<group>"; };
		44D0C7356825CD29B30FAA4D /* Pods-Shop.debug.xcconfig */ = {isa = PBXFileReference; includeInIndex = 1; lastKnownFileType = text.xcconfig; name = "Pods-Shop.debug.xcconfig"; path = "Target Support Files/Pods-Shop/Pods-Shop.debug.xcconfig"; sourceTree = "<group>"; };
		45022AB5F80D4BF3E4EE5602 /* Pods_Shop.framework */ = {isa = PBXFileReference; explicitFileType = wrapper.framework; includeInIndex = 0; path = Pods_Shop.framework; sourceTree = BUILT_PRODUCTS_DIR; };
/* End PBXFileReference section */

/* Begin PBXFrameworksBuildPhase section */
		411B3B02283E7B9C006EBC17 /* Frameworks */ = {
			isa = PBXFrameworksBuildPhase;
			buildActionMask = 2147483647;
			files = (
				91CA100865EE1BF7AF7AE5CC /* Pods_Shop.framework in Frameworks */,
			);
			runOnlyForDeploymentPostprocessing = 0;
		};
		411B3B1B283E7B9E006EBC17 /* Frameworks */ = {
			isa = PBXFrameworksBuildPhase;
			buildActionMask = 2147483647;
			files = (
			);
			runOnlyForDeploymentPostprocessing = 0;
		};
		411B3B25283E7B9E006EBC17 /* Frameworks */ = {
			isa = PBXFrameworksBuildPhase;
			buildActionMask = 2147483647;
			files = (
			);
			runOnlyForDeploymentPostprocessing = 0;
		};
/* End PBXFrameworksBuildPhase section */

/* Begin PBXGroup section */
		1166CA14283EA6A40036648C /* Cells */ = {
			isa = PBXGroup;
			children = (
				1166CA15283EA6C90036648C /* CartItem.swift */,
				1166CA16283EA6C90036648C /* CartItem.xib */,
			);
			path = Cells;
			sourceTree = "<group>";
		};
		1166CA1C283EACE20036648C /* Modles */ = {
			isa = PBXGroup;
			children = (
				1166CA1D283EACF10036648C /* PONSOs */,
			);
			path = Modles;
			sourceTree = "<group>";
		};
		1166CA1D283EACF10036648C /* PONSOs */ = {
			isa = PBXGroup;
			children = (
				1166CA1E283EAD260036648C /* Porduct.swift */,
			);
			path = PONSOs;
			sourceTree = "<group>";
		};
		1166CA28283EAF7C0036648C /* CartView */ = {
			isa = PBXGroup;
			children = (
				1166CA2C283EB1170036648C /* CartView.swift */,
				1166CA2D283EB1170036648C /* CartView.xib */,
			);
			path = CartView;
			sourceTree = "<group>";
		};
		201258757C8C7E1BDF9ABCDC /* Frameworks */ = {
			isa = PBXGroup;
			children = (
				45022AB5F80D4BF3E4EE5602 /* Pods_Shop.framework */,
			);
			name = Frameworks;
			sourceTree = "<group>";
		};
		411B3AFC283E7B9C006EBC17 = {
			isa = PBXGroup;
			children = (
				411B3B07283E7B9C006EBC17 /* Shop */,
				411B3B21283E7B9E006EBC17 /* ShopTests */,
				411B3B2B283E7B9E006EBC17 /* ShopUITests */,
				411B3B06283E7B9C006EBC17 /* Products */,
				950D708913E80854593D40C6 /* Pods */,
				201258757C8C7E1BDF9ABCDC /* Frameworks */,
			);
			sourceTree = "<group>";
		};
		411B3B06283E7B9C006EBC17 /* Products */ = {
			isa = PBXGroup;
			children = (
				411B3B05283E7B9C006EBC17 /* Shop.app */,
				411B3B1E283E7B9E006EBC17 /* ShopTests.xctest */,
				411B3B28283E7B9E006EBC17 /* ShopUITests.xctest */,
			);
			name = Products;
			sourceTree = "<group>";
		};
		411B3B07283E7B9C006EBC17 /* Shop */ = {
			isa = PBXGroup;
			children = (
				1166CA1C283EACE20036648C /* Modles */,
				411B3B95283E8359006EBC17 /* Extension */,
				411B3B94283E8337006EBC17 /* Resources */,
				411B3B8A283E828E006EBC17 /* Constants */,
				411B3B89283E8251006EBC17 /* Delegate */,
				411B3B88283E81DC006EBC17 /* View */,
				411B3B19283E7B9E006EBC17 /* Info.plist */,
			);
			path = Shop;
			sourceTree = "<group>";
		};
		411B3B21283E7B9E006EBC17 /* ShopTests */ = {
			isa = PBXGroup;
			children = (
				411B3B22283E7B9E006EBC17 /* ShopTests.swift */,
			);
			path = ShopTests;
			sourceTree = "<group>";
		};
		411B3B2B283E7B9E006EBC17 /* ShopUITests */ = {
			isa = PBXGroup;
			children = (
				411B3B2C283E7B9E006EBC17 /* ShopUITests.swift */,
				411B3B2E283E7B9E006EBC17 /* ShopUITestsLaunchTests.swift */,
			);
			path = ShopUITests;
			sourceTree = "<group>";
		};
		411B3B88283E81DC006EBC17 /* View */ = {
			isa = PBXGroup;
			children = (
				1166CA28283EAF7C0036648C /* CartView */,
				1166CA14283EA6A40036648C /* Cells */,
				411B3B93283E8324006EBC17 /* TabBar */,
				411B3B92283E8310006EBC17 /* Profile */,
				411B3B91283E82FD006EBC17 /* Catagory */,
				411B3B90283E82ED006EBC17 /* Home */,
			);
			path = View;
			sourceTree = "<group>";
		};
		411B3B89283E8251006EBC17 /* Delegate */ = {
			isa = PBXGroup;
			children = (
				411B3B08283E7B9C006EBC17 /* AppDelegate.swift */,
				411B3B0A283E7B9C006EBC17 /* SceneDelegate.swift */,
			);
			path = Delegate;
			sourceTree = "<group>";
		};
		411B3B8A283E828E006EBC17 /* Constants */ = {
			isa = PBXGroup;
			children = (
				411B3B8B283E82A3006EBC17 /* URLs */,
			);
			path = Constants;
			sourceTree = "<group>";
		};
		411B3B8B283E82A3006EBC17 /* URLs */ = {
			isa = PBXGroup;
			children = (
				411B3B8C283E82B2006EBC17 /* URLs.swift */,
			);
			path = URLs;
			sourceTree = "<group>";
		};
		411B3B90283E82ED006EBC17 /* Home */ = {
			isa = PBXGroup;
			children = (
				411B3B7C283E7F88006EBC17 /* HomeVc.swift */,
				411B3B7D283E7F88006EBC17 /* HomeVc.xib */,
			);
			path = Home;
			sourceTree = "<group>";
		};
		411B3B91283E82FD006EBC17 /* Catagory */ = {
			isa = PBXGroup;
			children = (
				411B3B80283E7FA9006EBC17 /* CategoryVc.swift */,
				411B3B81283E7FA9006EBC17 /* CategoryVc.xib */,
			);
			path = Catagory;
			sourceTree = "<group>";
		};
		411B3B92283E8310006EBC17 /* Profile */ = {
			isa = PBXGroup;
			children = (
				411B3B84283E7FC5006EBC17 /* ProfileVc.swift */,
				411B3B85283E7FC5006EBC17 /* ProfileVc.xib */,
			);
			path = Profile;
			sourceTree = "<group>";
		};
		411B3B93283E8324006EBC17 /* TabBar */ = {
			isa = PBXGroup;
			children = (
				411B3B7A283E7F3E006EBC17 /* MyTabBar.swift */,
			);
			path = TabBar;
			sourceTree = "<group>";
		};
		411B3B94283E8337006EBC17 /* Resources */ = {
			isa = PBXGroup;
			children = (
				411B3B11283E7B9C006EBC17 /* Shop.xcdatamodeld */,
				411B3B14283E7B9D006EBC17 /* Assets.xcassets */,
				411B3B16283E7B9E006EBC17 /* LaunchScreen.storyboard */,
			);
			path = Resources;
			sourceTree = "<group>";
		};
		411B3B95283E8359006EBC17 /* Extension */ = {
			isa = PBXGroup;
			children = (
				411B3B96283E83C9006EBC17 /* UIImage.swift */,
				1166CA23283EADB60036648C /* UITableView.swift */,
			);
			path = Extension;
			sourceTree = "<group>";
		};
		950D708913E80854593D40C6 /* Pods */ = {
			isa = PBXGroup;
			children = (
				44D0C7356825CD29B30FAA4D /* Pods-Shop.debug.xcconfig */,
				184FBA5037E28EBDFAC904F0 /* Pods-Shop.release.xcconfig */,
			);
			name = Pods;
			path = Pods;
			sourceTree = "<group>";
		};
/* End PBXGroup section */

/* Begin PBXNativeTarget section */
		411B3B04283E7B9C006EBC17 /* Shop */ = {
			isa = PBXNativeTarget;
			buildConfigurationList = 411B3B32283E7B9E006EBC17 /* Build configuration list for PBXNativeTarget "Shop" */;
			buildPhases = (
				C8E380FE7127DA8A4C7DD3BD /* [CP] Check Pods Manifest.lock */,
				411B3B01283E7B9C006EBC17 /* Sources */,
				411B3B02283E7B9C006EBC17 /* Frameworks */,
				411B3B03283E7B9C006EBC17 /* Resources */,
				E3E6D4705502DEA00BBB76C8 /* [CP] Embed Pods Frameworks */,
			);
			buildRules = (
			);
			dependencies = (
			);
			name = Shop;
			productName = Shop;
			productReference = 411B3B05283E7B9C006EBC17 /* Shop.app */;
			productType = "com.apple.product-type.application";
		};
		411B3B1D283E7B9E006EBC17 /* ShopTests */ = {
			isa = PBXNativeTarget;
			buildConfigurationList = 411B3B35283E7B9E006EBC17 /* Build configuration list for PBXNativeTarget "ShopTests" */;
			buildPhases = (
				411B3B1A283E7B9E006EBC17 /* Sources */,
				411B3B1B283E7B9E006EBC17 /* Frameworks */,
				411B3B1C283E7B9E006EBC17 /* Resources */,
			);
			buildRules = (
			);
			dependencies = (
				411B3B20283E7B9E006EBC17 /* PBXTargetDependency */,
			);
			name = ShopTests;
			productName = ShopTests;
			productReference = 411B3B1E283E7B9E006EBC17 /* ShopTests.xctest */;
			productType = "com.apple.product-type.bundle.unit-test";
		};
		411B3B27283E7B9E006EBC17 /* ShopUITests */ = {
			isa = PBXNativeTarget;
			buildConfigurationList = 411B3B38283E7B9E006EBC17 /* Build configuration list for PBXNativeTarget "ShopUITests" */;
			buildPhases = (
				411B3B24283E7B9E006EBC17 /* Sources */,
				411B3B25283E7B9E006EBC17 /* Frameworks */,
				411B3B26283E7B9E006EBC17 /* Resources */,
			);
			buildRules = (
			);
			dependencies = (
				411B3B2A283E7B9E006EBC17 /* PBXTargetDependency */,
			);
			name = ShopUITests;
			productName = ShopUITests;
			productReference = 411B3B28283E7B9E006EBC17 /* ShopUITests.xctest */;
			productType = "com.apple.product-type.bundle.ui-testing";
		};
/* End PBXNativeTarget section */

/* Begin PBXProject section */
		411B3AFD283E7B9C006EBC17 /* Project object */ = {
			isa = PBXProject;
			attributes = {
				BuildIndependentTargetsInParallel = 1;
				LastSwiftUpdateCheck = 1330;
				LastUpgradeCheck = 1330;
				TargetAttributes = {
					411B3B04283E7B9C006EBC17 = {
						CreatedOnToolsVersion = 13.3.1;
					};
					411B3B1D283E7B9E006EBC17 = {
						CreatedOnToolsVersion = 13.3.1;
						TestTargetID = 411B3B04283E7B9C006EBC17;
					};
					411B3B27283E7B9E006EBC17 = {
						CreatedOnToolsVersion = 13.3.1;
						TestTargetID = 411B3B04283E7B9C006EBC17;
					};
				};
			};
			buildConfigurationList = 411B3B00283E7B9C006EBC17 /* Build configuration list for PBXProject "Shop" */;
			compatibilityVersion = "Xcode 12.0";
			developmentRegion = en;
			hasScannedForEncodings = 0;
			knownRegions = (
				en,
				Base,
			);
			mainGroup = 411B3AFC283E7B9C006EBC17;
			productRefGroup = 411B3B06283E7B9C006EBC17 /* Products */;
			projectDirPath = "";
			projectRoot = "";
			targets = (
				411B3B04283E7B9C006EBC17 /* Shop */,
				411B3B1D283E7B9E006EBC17 /* ShopTests */,
				411B3B27283E7B9E006EBC17 /* ShopUITests */,
			);
		};
/* End PBXProject section */

/* Begin PBXResourcesBuildPhase section */
		411B3B03283E7B9C006EBC17 /* Resources */ = {
			isa = PBXResourcesBuildPhase;
			buildActionMask = 2147483647;
			files = (
				411B3B18283E7B9E006EBC17 /* LaunchScreen.storyboard in Resources */,
				1166CA2F283EB1170036648C /* CartView.xib in Resources */,
				411B3B83283E7FA9006EBC17 /* CategoryVc.xib in Resources */,
				411B3B7F283E7F88006EBC17 /* HomeVc.xib in Resources */,
				411B3B15283E7B9D006EBC17 /* Assets.xcassets in Resources */,
				1166CA18283EA6C90036648C /* CartItem.xib in Resources */,
				411B3B87283E7FC5006EBC17 /* ProfileVc.xib in Resources */,
			);
			runOnlyForDeploymentPostprocessing = 0;
		};
		411B3B1C283E7B9E006EBC17 /* Resources */ = {
			isa = PBXResourcesBuildPhase;
			buildActionMask = 2147483647;
			files = (
			);
			runOnlyForDeploymentPostprocessing = 0;
		};
		411B3B26283E7B9E006EBC17 /* Resources */ = {
			isa = PBXResourcesBuildPhase;
			buildActionMask = 2147483647;
			files = (
			);
			runOnlyForDeploymentPostprocessing = 0;
		};
/* End PBXResourcesBuildPhase section */

/* Begin PBXShellScriptBuildPhase section */
		C8E380FE7127DA8A4C7DD3BD /* [CP] Check Pods Manifest.lock */ = {
			isa = PBXShellScriptBuildPhase;
			buildActionMask = 2147483647;
			files = (
			);
			inputFileListPaths = (
			);
			inputPaths = (
				"${PODS_PODFILE_DIR_PATH}/Podfile.lock",
				"${PODS_ROOT}/Manifest.lock",
			);
			name = "[CP] Check Pods Manifest.lock";
			outputFileListPaths = (
			);
			outputPaths = (
				"$(DERIVED_FILE_DIR)/Pods-Shop-checkManifestLockResult.txt",
			);
			runOnlyForDeploymentPostprocessing = 0;
			shellPath = /bin/sh;
			shellScript = "diff \"${PODS_PODFILE_DIR_PATH}/Podfile.lock\" \"${PODS_ROOT}/Manifest.lock\" > /dev/null\nif [ $? != 0 ] ; then\n    # print error to STDERR\n    echo \"error: The sandbox is not in sync with the Podfile.lock. Run 'pod install' or update your CocoaPods installation.\" >&2\n    exit 1\nfi\n# This output is used by Xcode 'outputs' to avoid re-running this script phase.\necho \"SUCCESS\" > \"${SCRIPT_OUTPUT_FILE_0}\"\n";
			showEnvVarsInLog = 0;
		};
		E3E6D4705502DEA00BBB76C8 /* [CP] Embed Pods Frameworks */ = {
			isa = PBXShellScriptBuildPhase;
			buildActionMask = 2147483647;
			files = (
			);
			inputFileListPaths = (
				"${PODS_ROOT}/Target Support Files/Pods-Shop/Pods-Shop-frameworks-${CONFIGURATION}-input-files.xcfilelist",
			);
			name = "[CP] Embed Pods Frameworks";
			outputFileListPaths = (
				"${PODS_ROOT}/Target Support Files/Pods-Shop/Pods-Shop-frameworks-${CONFIGURATION}-output-files.xcfilelist",
			);
			runOnlyForDeploymentPostprocessing = 0;
			shellPath = /bin/sh;
			shellScript = "\"${PODS_ROOT}/Target Support Files/Pods-Shop/Pods-Shop-frameworks.sh\"\n";
			showEnvVarsInLog = 0;
		};
/* End PBXShellScriptBuildPhase section */

/* Begin PBXSourcesBuildPhase section */
		411B3B01283E7B9C006EBC17 /* Sources */ = {
			isa = PBXSourcesBuildPhase;
			buildActionMask = 2147483647;
			files = (
				411B3B82283E7FA9006EBC17 /* CategoryVc.swift in Sources */,
				411B3B09283E7B9C006EBC17 /* AppDelegate.swift in Sources */,
				1166CA2E283EB1170036648C /* CartView.swift in Sources */,
				411B3B0B283E7B9C006EBC17 /* SceneDelegate.swift in Sources */,
				411B3B8D283E82B2006EBC17 /* URLs.swift in Sources */,
				411B3B86283E7FC5006EBC17 /* ProfileVc.swift in Sources */,
				1166CA24283EADB60036648C /* UITableView.swift in Sources */,
				411B3B7E283E7F88006EBC17 /* HomeVc.swift in Sources */,
				411B3B97283E83C9006EBC17 /* UIImage.swift in Sources */,
				411B3B7B283E7F3E006EBC17 /* MyTabBar.swift in Sources */,
				1166CA17283EA6C90036648C /* CartItem.swift in Sources */,
				411B3B13283E7B9C006EBC17 /* Shop.xcdatamodeld in Sources */,
				1166CA1F283EAD260036648C /* Porduct.swift in Sources */,
			);
			runOnlyForDeploymentPostprocessing = 0;
		};
		411B3B1A283E7B9E006EBC17 /* Sources */ = {
			isa = PBXSourcesBuildPhase;
			buildActionMask = 2147483647;
			files = (
				411B3B23283E7B9E006EBC17 /* ShopTests.swift in Sources */,
			);
			runOnlyForDeploymentPostprocessing = 0;
		};
		411B3B24283E7B9E006EBC17 /* Sources */ = {
			isa = PBXSourcesBuildPhase;
			buildActionMask = 2147483647;
			files = (
				411B3B2F283E7B9E006EBC17 /* ShopUITestsLaunchTests.swift in Sources */,
				411B3B2D283E7B9E006EBC17 /* ShopUITests.swift in Sources */,
			);
			runOnlyForDeploymentPostprocessing = 0;
		};
/* End PBXSourcesBuildPhase section */

/* Begin PBXTargetDependency section */
		411B3B20283E7B9E006EBC17 /* PBXTargetDependency */ = {
			isa = PBXTargetDependency;
			target = 411B3B04283E7B9C006EBC17 /* Shop */;
			targetProxy = 411B3B1F283E7B9E006EBC17 /* PBXContainerItemProxy */;
		};
		411B3B2A283E7B9E006EBC17 /* PBXTargetDependency */ = {
			isa = PBXTargetDependency;
			target = 411B3B04283E7B9C006EBC17 /* Shop */;
			targetProxy = 411B3B29283E7B9E006EBC17 /* PBXContainerItemProxy */;
		};
/* End PBXTargetDependency section */

/* Begin PBXVariantGroup section */
		411B3B16283E7B9E006EBC17 /* LaunchScreen.storyboard */ = {
			isa = PBXVariantGroup;
			children = (
				411B3B17283E7B9E006EBC17 /* Base */,
			);
			name = LaunchScreen.storyboard;
			sourceTree = "<group>";
		};
/* End PBXVariantGroup section */

/* Begin XCBuildConfiguration section */
		411B3B30283E7B9E006EBC17 /* Debug */ = {
			isa = XCBuildConfiguration;
			buildSettings = {
				ALWAYS_SEARCH_USER_PATHS = NO;
				CLANG_ANALYZER_NONNULL = YES;
				CLANG_ANALYZER_NUMBER_OBJECT_CONVERSION = YES_AGGRESSIVE;
				CLANG_CXX_LANGUAGE_STANDARD = "gnu++17";
				CLANG_ENABLE_MODULES = YES;
				CLANG_ENABLE_OBJC_ARC = YES;
				CLANG_ENABLE_OBJC_WEAK = YES;
				CLANG_WARN_BLOCK_CAPTURE_AUTORELEASING = YES;
				CLANG_WARN_BOOL_CONVERSION = YES;
				CLANG_WARN_COMMA = YES;
				CLANG_WARN_CONSTANT_CONVERSION = YES;
				CLANG_WARN_DEPRECATED_OBJC_IMPLEMENTATIONS = YES;
				CLANG_WARN_DIRECT_OBJC_ISA_USAGE = YES_ERROR;
				CLANG_WARN_DOCUMENTATION_COMMENTS = YES;
				CLANG_WARN_EMPTY_BODY = YES;
				CLANG_WARN_ENUM_CONVERSION = YES;
				CLANG_WARN_INFINITE_RECURSION = YES;
				CLANG_WARN_INT_CONVERSION = YES;
				CLANG_WARN_NON_LITERAL_NULL_CONVERSION = YES;
				CLANG_WARN_OBJC_IMPLICIT_RETAIN_SELF = YES;
				CLANG_WARN_OBJC_LITERAL_CONVERSION = YES;
				CLANG_WARN_OBJC_ROOT_CLASS = YES_ERROR;
				CLANG_WARN_QUOTED_INCLUDE_IN_FRAMEWORK_HEADER = YES;
				CLANG_WARN_RANGE_LOOP_ANALYSIS = YES;
				CLANG_WARN_STRICT_PROTOTYPES = YES;
				CLANG_WARN_SUSPICIOUS_MOVE = YES;
				CLANG_WARN_UNGUARDED_AVAILABILITY = YES_AGGRESSIVE;
				CLANG_WARN_UNREACHABLE_CODE = YES;
				CLANG_WARN__DUPLICATE_METHOD_MATCH = YES;
				COPY_PHASE_STRIP = NO;
				DEBUG_INFORMATION_FORMAT = dwarf;
				ENABLE_STRICT_OBJC_MSGSEND = YES;
				ENABLE_TESTABILITY = YES;
				GCC_C_LANGUAGE_STANDARD = gnu11;
				GCC_DYNAMIC_NO_PIC = NO;
				GCC_NO_COMMON_BLOCKS = YES;
				GCC_OPTIMIZATION_LEVEL = 0;
				GCC_PREPROCESSOR_DEFINITIONS = (
					"DEBUG=1",
					"$(inherited)",
				);
				GCC_WARN_64_TO_32_BIT_CONVERSION = YES;
				GCC_WARN_ABOUT_RETURN_TYPE = YES_ERROR;
				GCC_WARN_UNDECLARED_SELECTOR = YES;
				GCC_WARN_UNINITIALIZED_AUTOS = YES_AGGRESSIVE;
				GCC_WARN_UNUSED_FUNCTION = YES;
				GCC_WARN_UNUSED_VARIABLE = YES;
				IPHONEOS_DEPLOYMENT_TARGET = 11.4;
				MTL_ENABLE_DEBUG_INFO = INCLUDE_SOURCE;
				MTL_FAST_MATH = YES;
				ONLY_ACTIVE_ARCH = YES;
				SDKROOT = iphoneos;
				SWIFT_ACTIVE_COMPILATION_CONDITIONS = DEBUG;
				SWIFT_OPTIMIZATION_LEVEL = "-Onone";
			};
			name = Debug;
		};
		411B3B31283E7B9E006EBC17 /* Release */ = {
			isa = XCBuildConfiguration;
			buildSettings = {
				ALWAYS_SEARCH_USER_PATHS = NO;
				CLANG_ANALYZER_NONNULL = YES;
				CLANG_ANALYZER_NUMBER_OBJECT_CONVERSION = YES_AGGRESSIVE;
				CLANG_CXX_LANGUAGE_STANDARD = "gnu++17";
				CLANG_ENABLE_MODULES = YES;
				CLANG_ENABLE_OBJC_ARC = YES;
				CLANG_ENABLE_OBJC_WEAK = YES;
				CLANG_WARN_BLOCK_CAPTURE_AUTORELEASING = YES;
				CLANG_WARN_BOOL_CONVERSION = YES;
				CLANG_WARN_COMMA = YES;
				CLANG_WARN_CONSTANT_CONVERSION = YES;
				CLANG_WARN_DEPRECATED_OBJC_IMPLEMENTATIONS = YES;
				CLANG_WARN_DIRECT_OBJC_ISA_USAGE = YES_ERROR;
				CLANG_WARN_DOCUMENTATION_COMMENTS = YES;
				CLANG_WARN_EMPTY_BODY = YES;
				CLANG_WARN_ENUM_CONVERSION = YES;
				CLANG_WARN_INFINITE_RECURSION = YES;
				CLANG_WARN_INT_CONVERSION = YES;
				CLANG_WARN_NON_LITERAL_NULL_CONVERSION = YES;
				CLANG_WARN_OBJC_IMPLICIT_RETAIN_SELF = YES;
				CLANG_WARN_OBJC_LITERAL_CONVERSION = YES;
				CLANG_WARN_OBJC_ROOT_CLASS = YES_ERROR;
				CLANG_WARN_QUOTED_INCLUDE_IN_FRAMEWORK_HEADER = YES;
				CLANG_WARN_RANGE_LOOP_ANALYSIS = YES;
				CLANG_WARN_STRICT_PROTOTYPES = YES;
				CLANG_WARN_SUSPICIOUS_MOVE = YES;
				CLANG_WARN_UNGUARDED_AVAILABILITY = YES_AGGRESSIVE;
				CLANG_WARN_UNREACHABLE_CODE = YES;
				CLANG_WARN__DUPLICATE_METHOD_MATCH = YES;
				COPY_PHASE_STRIP = NO;
				DEBUG_INFORMATION_FORMAT = "dwarf-with-dsym";
				ENABLE_NS_ASSERTIONS = NO;
				ENABLE_STRICT_OBJC_MSGSEND = YES;
				GCC_C_LANGUAGE_STANDARD = gnu11;
				GCC_NO_COMMON_BLOCKS = YES;
				GCC_WARN_64_TO_32_BIT_CONVERSION = YES;
				GCC_WARN_ABOUT_RETURN_TYPE = YES_ERROR;
				GCC_WARN_UNDECLARED_SELECTOR = YES;
				GCC_WARN_UNINITIALIZED_AUTOS = YES_AGGRESSIVE;
				GCC_WARN_UNUSED_FUNCTION = YES;
				GCC_WARN_UNUSED_VARIABLE = YES;
				IPHONEOS_DEPLOYMENT_TARGET = 11.4;
				MTL_ENABLE_DEBUG_INFO = NO;
				MTL_FAST_MATH = YES;
				SDKROOT = iphoneos;
				SWIFT_COMPILATION_MODE = wholemodule;
				SWIFT_OPTIMIZATION_LEVEL = "-O";
				VALIDATE_PRODUCT = YES;
			};
			name = Release;
		};
		411B3B33283E7B9E006EBC17 /* Debug */ = {
			isa = XCBuildConfiguration;
			baseConfigurationReference = 44D0C7356825CD29B30FAA4D /* Pods-Shop.debug.xcconfig */;
			buildSettings = {
				ASSETCATALOG_COMPILER_APPICON_NAME = AppIcon;
				ASSETCATALOG_COMPILER_GLOBAL_ACCENT_COLOR_NAME = AccentColor;
				CODE_SIGN_STYLE = Automatic;
				CURRENT_PROJECT_VERSION = 1;
				GENERATE_INFOPLIST_FILE = YES;
				INFOPLIST_FILE = Shop/Info.plist;
				INFOPLIST_KEY_UIApplicationSupportsIndirectInputEvents = YES;
				INFOPLIST_KEY_UILaunchStoryboardName = LaunchScreen;
				INFOPLIST_KEY_UISupportedInterfaceOrientations_iPad = "UIInterfaceOrientationPortrait UIInterfaceOrientationPortraitUpsideDown UIInterfaceOrientationLandscapeLeft UIInterfaceOrientationLandscapeRight";
				INFOPLIST_KEY_UISupportedInterfaceOrientations_iPhone = "UIInterfaceOrientationPortrait UIInterfaceOrientationLandscapeLeft UIInterfaceOrientationLandscapeRight";
				IPHONEOS_DEPLOYMENT_TARGET = 10.0;
				LD_RUNPATH_SEARCH_PATHS = (
					"$(inherited)",
					"@executable_path/Frameworks",
				);
				MARKETING_VERSION = 1.0;
				PRODUCT_BUNDLE_IDENTIFIER = iti.Shop;
				PRODUCT_NAME = "$(TARGET_NAME)";
				SWIFT_EMIT_LOC_STRINGS = YES;
				SWIFT_VERSION = 5.0;
				TARGETED_DEVICE_FAMILY = "1,2";
			};
			name = Debug;
		};
		411B3B34283E7B9E006EBC17 /* Release */ = {
			isa = XCBuildConfiguration;
			baseConfigurationReference = 184FBA5037E28EBDFAC904F0 /* Pods-Shop.release.xcconfig */;
			buildSettings = {
				ASSETCATALOG_COMPILER_APPICON_NAME = AppIcon;
				ASSETCATALOG_COMPILER_GLOBAL_ACCENT_COLOR_NAME = AccentColor;
				CODE_SIGN_STYLE = Automatic;
				CURRENT_PROJECT_VERSION = 1;
				GENERATE_INFOPLIST_FILE = YES;
				INFOPLIST_FILE = Shop/Info.plist;
				INFOPLIST_KEY_UIApplicationSupportsIndirectInputEvents = YES;
				INFOPLIST_KEY_UILaunchStoryboardName = LaunchScreen;
				INFOPLIST_KEY_UISupportedInterfaceOrientations_iPad = "UIInterfaceOrientationPortrait UIInterfaceOrientationPortraitUpsideDown UIInterfaceOrientationLandscapeLeft UIInterfaceOrientationLandscapeRight";
				INFOPLIST_KEY_UISupportedInterfaceOrientations_iPhone = "UIInterfaceOrientationPortrait UIInterfaceOrientationLandscapeLeft UIInterfaceOrientationLandscapeRight";
				IPHONEOS_DEPLOYMENT_TARGET = 10.0;
				LD_RUNPATH_SEARCH_PATHS = (
					"$(inherited)",
					"@executable_path/Frameworks",
				);
				MARKETING_VERSION = 1.0;
				PRODUCT_BUNDLE_IDENTIFIER = iti.Shop;
				PRODUCT_NAME = "$(TARGET_NAME)";
				SWIFT_EMIT_LOC_STRINGS = YES;
				SWIFT_VERSION = 5.0;
				TARGETED_DEVICE_FAMILY = "1,2";
			};
			name = Release;
		};
		411B3B36283E7B9E006EBC17 /* Debug */ = {
			isa = XCBuildConfiguration;
			buildSettings = {
				ALWAYS_EMBED_SWIFT_STANDARD_LIBRARIES = YES;
				BUNDLE_LOADER = "$(TEST_HOST)";
				CODE_SIGN_STYLE = Automatic;
				CURRENT_PROJECT_VERSION = 1;
				GENERATE_INFOPLIST_FILE = YES;
				IPHONEOS_DEPLOYMENT_TARGET = 15.4;
				MARKETING_VERSION = 1.0;
				PRODUCT_BUNDLE_IDENTIFIER = iti.ShopTests;
				PRODUCT_NAME = "$(TARGET_NAME)";
				SWIFT_EMIT_LOC_STRINGS = NO;
				SWIFT_VERSION = 5.0;
				TARGETED_DEVICE_FAMILY = "1,2";
				TEST_HOST = "$(BUILT_PRODUCTS_DIR)/Shop.app/Shop";
			};
			name = Debug;
		};
		411B3B37283E7B9E006EBC17 /* Release */ = {
			isa = XCBuildConfiguration;
			buildSettings = {
				ALWAYS_EMBED_SWIFT_STANDARD_LIBRARIES = YES;
				BUNDLE_LOADER = "$(TEST_HOST)";
				CODE_SIGN_STYLE = Automatic;
				CURRENT_PROJECT_VERSION = 1;
				GENERATE_INFOPLIST_FILE = YES;
				IPHONEOS_DEPLOYMENT_TARGET = 15.4;
				MARKETING_VERSION = 1.0;
				PRODUCT_BUNDLE_IDENTIFIER = iti.ShopTests;
				PRODUCT_NAME = "$(TARGET_NAME)";
				SWIFT_EMIT_LOC_STRINGS = NO;
				SWIFT_VERSION = 5.0;
				TARGETED_DEVICE_FAMILY = "1,2";
				TEST_HOST = "$(BUILT_PRODUCTS_DIR)/Shop.app/Shop";
			};
			name = Release;
		};
		411B3B39283E7B9E006EBC17 /* Debug */ = {
			isa = XCBuildConfiguration;
			buildSettings = {
				ALWAYS_EMBED_SWIFT_STANDARD_LIBRARIES = YES;
				CODE_SIGN_STYLE = Automatic;
				CURRENT_PROJECT_VERSION = 1;
				GENERATE_INFOPLIST_FILE = YES;
				MARKETING_VERSION = 1.0;
				PRODUCT_BUNDLE_IDENTIFIER = iti.ShopUITests;
				PRODUCT_NAME = "$(TARGET_NAME)";
				SWIFT_EMIT_LOC_STRINGS = NO;
				SWIFT_VERSION = 5.0;
				TARGETED_DEVICE_FAMILY = "1,2";
				TEST_TARGET_NAME = Shop;
			};
			name = Debug;
		};
		411B3B3A283E7B9E006EBC17 /* Release */ = {
			isa = XCBuildConfiguration;
			buildSettings = {
				ALWAYS_EMBED_SWIFT_STANDARD_LIBRARIES = YES;
				CODE_SIGN_STYLE = Automatic;
				CURRENT_PROJECT_VERSION = 1;
				GENERATE_INFOPLIST_FILE = YES;
				MARKETING_VERSION = 1.0;
				PRODUCT_BUNDLE_IDENTIFIER = iti.ShopUITests;
				PRODUCT_NAME = "$(TARGET_NAME)";
				SWIFT_EMIT_LOC_STRINGS = NO;
				SWIFT_VERSION = 5.0;
				TARGETED_DEVICE_FAMILY = "1,2";
				TEST_TARGET_NAME = Shop;
			};
			name = Release;
		};
/* End XCBuildConfiguration section */

/* Begin XCConfigurationList section */
		411B3B00283E7B9C006EBC17 /* Build configuration list for PBXProject "Shop" */ = {
			isa = XCConfigurationList;
			buildConfigurations = (
				411B3B30283E7B9E006EBC17 /* Debug */,
				411B3B31283E7B9E006EBC17 /* Release */,
			);
			defaultConfigurationIsVisible = 0;
			defaultConfigurationName = Release;
		};
		411B3B32283E7B9E006EBC17 /* Build configuration list for PBXNativeTarget "Shop" */ = {
			isa = XCConfigurationList;
			buildConfigurations = (
				411B3B33283E7B9E006EBC17 /* Debug */,
				411B3B34283E7B9E006EBC17 /* Release */,
			);
			defaultConfigurationIsVisible = 0;
			defaultConfigurationName = Release;
		};
		411B3B35283E7B9E006EBC17 /* Build configuration list for PBXNativeTarget "ShopTests" */ = {
			isa = XCConfigurationList;
			buildConfigurations = (
				411B3B36283E7B9E006EBC17 /* Debug */,
				411B3B37283E7B9E006EBC17 /* Release */,
			);
			defaultConfigurationIsVisible = 0;
			defaultConfigurationName = Release;
		};
		411B3B38283E7B9E006EBC17 /* Build configuration list for PBXNativeTarget "ShopUITests" */ = {
			isa = XCConfigurationList;
			buildConfigurations = (
				411B3B39283E7B9E006EBC17 /* Debug */,
				411B3B3A283E7B9E006EBC17 /* Release */,
			);
			defaultConfigurationIsVisible = 0;
			defaultConfigurationName = Release;
		};
/* End XCConfigurationList section */

/* Begin XCVersionGroup section */
		411B3B11283E7B9C006EBC17 /* Shop.xcdatamodeld */ = {
			isa = XCVersionGroup;
			children = (
				411B3B12283E7B9C006EBC17 /* Shop.xcdatamodel */,
			);
			currentVersion = 411B3B12283E7B9C006EBC17 /* Shop.xcdatamodel */;
			path = Shop.xcdatamodeld;
			sourceTree = "<group>";
			versionGroupType = wrapper.xcdatamodel;
		};
/* End XCVersionGroup section */
	};
	rootObject = 411B3AFD283E7B9C006EBC17 /* Project object */;
}
